# This file is sourced by the iOS build scripts. Keep values shell-safe.

OCAML_VERSION='5.1.1'
OCAML_IOS_PACKAGE='ocaml-ios64.5.1.1'
OCAML_IOS_RECIPE_REVISION='7'
IOS_RUNTIME_RECIPE_REVISION='5'
OCAML_SOURCE_SHA256='57f7b382b3d71198413ede405d95ef3506f1cdc480cda1dca1e26b37cb090e17'
DUNE_MINIMUM_VERSION='3.17'
DUNE_VERSION='3.23.1'
OCAMLFIND_VERSION='1.9.8'

OPAM_CROSS_IOS_REPOSITORY='https://github.com/ocaml-cross/opam-cross-ios.git'
OPAM_CROSS_IOS_COMMIT='8380b52b0154752c26c6e221c04fbced3320aa48'
OPAM_DEFAULT_REPOSITORY='https://opam.ocaml.org'

BONSAI_VERSION='v0.17.0'
CORE_VERSION='v0.17.2'
SQLITE3_VERSION='5.4.0'
GMP_VERSION='6.3.0'
GMP_SOURCE='https://gmplib.org/download/gmp/gmp-6.3.0.tar.xz'
GMP_SHA256='a3c2b80201b89e68616f4ad30bc66aee4927c3ce50e33929ca819d5c43538898'

BIGSTRINGAF_VERSION='0.10.0'
CSTRUCT_VERSION='6.2.0'
DOMAIN_LOCAL_AWAIT_VERSION='1.0.1'
EIO_VERSION='1.2'
FMT_VERSION='0.11.0'
HMAP_VERSION='0.8.1'
IOMUX_VERSION='0.4'
LWT_DLLIST_VERSION='1.1.0'
MTIME_VERSION='2.1.0'
OPTINT_VERSION='0.3.0'
PSQ_VERSION='0.2.1'
THREAD_TABLE_VERSION='1.0.0'

CA_CERTS_NSS_VERSION='3.126'
DIGESTIF_VERSION='1.3.1'
DOMAIN_NAME_VERSION='0.5.0'
GLUTEN_VERSION='0.5.2'
GLUTEN_EIO_VERSION='0.5.2'
HTTPUN_VERSION='0.2.0'
HTTPUN_EIO_VERSION='0.2.0'
HTTPUN_WS_VERSION='0.2.0'
MIRAGE_CRYPTO_VERSION='2.2.0'
PTIME_VERSION='1.2.0'
TLS_VERSION='2.1.2'
URI_VERSION='4.4.0'
X509_VERSION='1.1.1'

IOS_DEPLOYMENT_TARGET='15.0'
IPHONEOS_ARCH='arm64'
IPHONEOS_SUBARCH='arm64'
IPHONEOS_PLATFORM='iPhoneOS'
IPHONEOS_TARGET_TRIPLE='arm64-apple-ios15.0'

FLUTTER_VERSION='3.44.8'
FLUTTER_COMMIT='058e0af2c2b57e369d905a03ac9748b0ebf543c6'
DART_VERSION='3.12.2'
DART_COMMIT='d684a576a6aa954ae107a03b2b4e1d61c3bebe93'
