# package-or-component|capability|required-feature|cross-build-recipe
sqlite3|System_sqlite|sqlite|dune-ios-system-sqlite
tls|Network|network|dune-ios-network
tls-eio|Network|network|dune-ios-network
ca-certs-nss|Network|network|dune-ios-network
x509|Network|network|dune-ios-network
mirage-crypto-rng|Entropy|network|dune-ios-apple-entropy
mirage-crypto-rng.unix|Entropy|network|dune-ios-apple-entropy
httpun|Network|network|dune-ios-network
httpun-eio|Network|network|dune-ios-network
httpun-ws|Network|network|dune-ios-network
gluten|Network|network|dune-ios-network
gluten-eio|Network|network|dune-ios-network
digestif|Network|network|dune-ios-network
digestif.c|Network|network|dune-ios-network
domain-name|Network|network|dune-ios-network
uri|Network|network|dune-ios-network
bigstringaf|Foreign_stubs|core|dune-ios-cc
cstruct|Foreign_stubs|core|dune-ios-cc
base|Foreign_stubs|core|dune-ios-cc
base.base_internalhash_types|Foreign_stubs|core|dune-ios-cc
base_bigstring|Foreign_stubs|core|dune-ios-cc
bin_prot|Foreign_stubs|core|dune-ios-cc
core|Foreign_stubs|core|dune-ios-cc
core.heap_block|Foreign_stubs|core|dune-ios-cc
eio|Foreign_stubs|core|dune-ios-cc
eio.unix|Foreign_stubs|core|dune-ios-cc
eio_posix|Filesystem|core|dune-ios-filesystem
iomux|Foreign_stubs|core|dune-ios-cc
mirage-crypto|Foreign_stubs|network|dune-ios-cc
mirage-crypto-ec|Foreign_stubs|network|dune-ios-cc
mtime|Foreign_stubs|core|topkg-ios-cc
mtime.clock|Foreign_stubs|core|topkg-ios-cc
ptime|Foreign_stubs|core|topkg-ios-cc
ocaml_intrinsics_kernel|Foreign_stubs|core|dune-ios-cc
ppx_expect.runtime|Foreign_stubs|core|dune-ios-cc
ptime.clock|Foreign_stubs|network|topkg-ios-cc
time_now|Foreign_stubs|core|dune-ios-cc
jst-config|Foreign_stubs|core|dune-ios-configure
zarith|Foreign_stubs|network|zarith-ios-static-gmp
gmp-sys-ios|Foreign_stubs|core|gmp-ios-static
openssl|Unsupported|-|no-supported-iPhoneOS-recipe
conf-openssl|Unsupported|-|no-supported-iPhoneOS-recipe
eio-ssl|Unsupported|-|no-supported-iPhoneOS-recipe
piaf|Unsupported|-|no-supported-iPhoneOS-recipe
