BONSAI_SWIFTUI_VERSION='0.1.0~dev'
BONSAI_SWIFTUI_SOURCE_REVISION='02e68004cb7a8005cebf85655b0f788b68ae44a1'
BONSAI_SWIFTUI_SOURCE_SHA256='49c580c5bca743d1d34cfad5e96d41a351585de4377239280d8db48ac12e4f2b'
SDK_ABI_VERSION='4'
SDK_BUILD_RECIPE_REVISION='5'
SDK_RUNTIME_PACKAGE_VERSION='0.1.0~dev.10'
SDK_PACKAGE_VERSION='0.1.0~dev.47'
DEFAULT_REPOSITORY_URL='https://github.com/ocaml/opam-repository.git'
DEFAULT_REPOSITORY_COMMIT='9fdd0666a192f1896963cf446f37f0c691bbd3db'
