BONSAI_SWIFTUI_VERSION='0.1.0~dev'
BONSAI_SWIFTUI_SOURCE_REVISION='d8be5273407e8137e1d1a073f732ef4e702509e3'
BONSAI_SWIFTUI_SOURCE_SHA256='9acfb3a7a26c5c7d68cea47d91b762eea7a7bcf417917d315f22e28e2bd65489'
SDK_ABI_VERSION='4'
SDK_BUILD_RECIPE_REVISION='5'
SDK_RUNTIME_PACKAGE_VERSION='0.1.0~dev.7'
SDK_PACKAGE_VERSION='0.1.0~dev.43'
DEFAULT_REPOSITORY_URL='https://github.com/ocaml/opam-repository.git'
DEFAULT_REPOSITORY_COMMIT='9fdd0666a192f1896963cf446f37f0c691bbd3db'
