BONSAI_SWIFTUI_VERSION='0.1.0~dev'
BONSAI_SWIFTUI_SOURCE_REVISION='308e1b8f5ee41cca23808e875a0c3e2df1a33860'
BONSAI_SWIFTUI_SOURCE_SHA256='b57cf03feb661e66e20e7e561c6830f12372b58edd2386fcb33c7adbe40bf106'
SDK_ABI_VERSION='3'
SDK_BUILD_RECIPE_REVISION='4'
SDK_RUNTIME_PACKAGE_VERSION='0.1.0~dev.6'
SDK_PACKAGE_VERSION='0.1.0~dev.38'
DEFAULT_REPOSITORY_URL='https://github.com/ocaml/opam-repository.git'
DEFAULT_REPOSITORY_COMMIT='9fdd0666a192f1896963cf446f37f0c691bbd3db'
