// !$*UTF8*$!
{
	"archiveVersion" = "1";
	"classes" = {
	};
	"objectVersion" = "56";
	"objects" = {
		"03C2CB8EC15B73F6494FCEAC" = {
			"buildSettings" = {
				"ARCHS" = "arm64";
				"CLANG_ENABLE_MODULES" = "YES";
				"CODE_SIGN_ENTITLEMENTS" = "iOS.entitlements";
				"CODE_SIGN_STYLE" = "Automatic";
				"DEBUG_INFORMATION_FORMAT" = "dwarf";
				"DEVELOPMENT_TEAM" = "";
				"ENABLE_TESTABILITY" = "YES";
				"ENABLE_USER_SCRIPT_SANDBOXING" = "NO";
				"GCC_OPTIMIZATION_LEVEL" = "0";
				"GENERATE_INFOPLIST_FILE" = "NO";
				"INFOPLIST_FILE" = "Info-iOS.plist";
				"IPHONEOS_DEPLOYMENT_TARGET" = "26.0";
				"LD_RUNPATH_SEARCH_PATHS" = (
					"$(inherited)",
					"@executable_path/../Frameworks",
					"@executable_path/Frameworks",
					"@loader_path/Frameworks",
				);
				"MACOSX_DEPLOYMENT_TARGET" = "26.0";
				"ONLY_ACTIVE_ARCH" = "NO";
				"OTHER_LDFLAGS" = (
					"$(inherited)",
					"\"$(PROJECT_DIR)/Native/iphoneos/$(CONFIGURATION)/runtime.complete.o\"",
					"-framework",
					"CoreFoundation",
					"-framework",
					"Security",
					"-lpthread",
					"@\"$(DERIVED_FILE_DIR)/runtime-system-libraries.rsp\"",
					"-Wl,-no_compact_unwind",
				);
				"PRODUCT_BUNDLE_IDENTIFIER" = "org.bonsai-swiftui.example.network";
				"PRODUCT_NAME" = "BonsaiNetwork";
				"SDKROOT" = "iphoneos";
				"SUPPORTED_PLATFORMS" = "iphoneos";
				"SUPPORTS_MACCATALYST" = "NO";
				"SUPPORTS_MAC_DESIGNED_FOR_IPHONE_IPAD" = "NO";
				"SWIFT_INCLUDE_PATHS" = (
					"$(inherited)",
					"\"$(PROJECT_DIR)/../../../native/src\"",
				);
				"SWIFT_OPTIMIZATION_LEVEL" = "-Onone";
				"SWIFT_VERSION" = "6.0";
				"TARGETED_DEVICE_FAMILY" = "1,2";
			};
			"isa" = "XCBuildConfiguration";
			"name" = "Debug";
		};
		"09AA38CEF3EA53936A20C858" = {
			"buildSettings" = {
				"ARCHS" = "arm64";
				"DEBUG_INFORMATION_FORMAT" = "dwarf";
				"ENABLE_TESTABILITY" = "YES";
				"GCC_OPTIMIZATION_LEVEL" = "0";
				"SWIFT_OPTIMIZATION_LEVEL" = "-Onone";
			};
			"isa" = "XCBuildConfiguration";
			"name" = "Debug";
		};
		"0A3E27B8CA818264D75C8D81" = {
			"children" = (
				"17299B552B0721CAC78A7EA8",
				"489AF8508444ADDB0B953103",
			);
			"isa" = "PBXGroup";
			"name" = "Products";
			"sourceTree" = "<group>";
		};
		"0D6E4079E36703EBD37C0072" = {
			"children" = (
				"2CB661822DFFA82A32B1109E",
				"0A3E27B8CA818264D75C8D81",
			);
			"isa" = "PBXGroup";
			"sourceTree" = "<group>";
		};
		"17299B552B0721CAC78A7EA8" = {
			"explicitFileType" = "wrapper.application";
			"includeInIndex" = "0";
			"isa" = "PBXFileReference";
			"path" = "BonsaiNetwork.app";
			"sourceTree" = "BUILT_PRODUCTS_DIR";
		};
		"175D73B4BE4DD04927BD6C9F" = {
			"alwaysOutOfDate" = "1";
			"buildActionMask" = "2147483647";
			"files" = (
			);
			"inputPaths" = (
				"$(PROJECT_DIR)/Native/macosx/$(CONFIGURATION)/runtime.complete.o",
			);
			"isa" = "PBXShellScriptBuildPhase";
			"name" = "Verify native complete object";
			"outputPaths" = (
				"$(DERIVED_FILE_DIR)/runtime-system-libraries.rsp",
			);
			"runOnlyForDeploymentPostprocessing" = "0";
			"shellPath" = "/bin/sh";
			"shellScript" = "set -eu\n/bin/sh \"$PROJECT_DIR\"/../../../tool/ios/verify_complete_object.sh \"$PROJECT_DIR/Native/macosx/$CONFIGURATION/runtime.complete.o\" MACOS 26.0 arm64\nsymbols=$(xcrun nm -uj \"$PROJECT_DIR/Native/macosx/$CONFIGURATION/runtime.complete.o\")\nmkdir -p \"$DERIVED_FILE_DIR\"\n: > \"$DERIVED_FILE_DIR/runtime-system-libraries.rsp\"\nif printf \"%s\\n\" \"$symbols\" | LC_ALL=C grep -Eq \"^_sqlite3_[A-Za-z0-9_]+$\"; then\n  printf \"%s\\n\" \"-lsqlite3\" > \"$DERIVED_FILE_DIR/runtime-system-libraries.rsp\"\nfi\n";
		};
		"1E4B6209DBC7689E3E7CF89C" = {
			"buildConfigurations" = (
				"09AA38CEF3EA53936A20C858",
				"9E5C9A17C43753CBDBEAD47F",
				"2C51B24F1BD0E37CCD3A85CD",
			);
			"defaultConfigurationIsVisible" = "0";
			"defaultConfigurationName" = "Debug";
			"isa" = "XCConfigurationList";
		};
		"244210E48437B6556980A702" = {
			"attributes" = {
				"BuildIndependentTargetsInParallel" = "YES";
				"LastUpgradeCheck" = "2610";
			};
			"buildConfigurationList" = "1E4B6209DBC7689E3E7CF89C";
			"compatibilityVersion" = "Xcode 14.0";
			"developmentRegion" = "en";
			"isa" = "PBXProject";
			"knownRegions" = (
				"en",
				"Base",
			);
			"mainGroup" = "0D6E4079E36703EBD37C0072";
			"packageReferences" = (
				"BC4A71180870F7945155FBB0",
			);
			"productRefGroup" = "0A3E27B8CA818264D75C8D81";
			"projectDirPath" = "";
			"projectRoot" = "";
			"targets" = (
				"F5B8C6DB85B28FD517D1A4F7",
				"3ADD0EC5F1AB034E68D18958",
			);
		};
		"2A18B25266CC3A4F65834A08" = {
			"isa" = "PBXBuildFile";
			"productRef" = "B2367A76EFA7FD4B00BEB9C6";
		};
		"2C51B24F1BD0E37CCD3A85CD" = {
			"buildSettings" = {
				"ARCHS" = "arm64";
				"DEBUG_INFORMATION_FORMAT" = "dwarf-with-dsym";
				"ENABLE_TESTABILITY" = "NO";
				"GCC_OPTIMIZATION_LEVEL" = "s";
				"SWIFT_OPTIMIZATION_LEVEL" = "-O";
			};
			"isa" = "XCBuildConfiguration";
			"name" = "Release";
		};
		"2CB661822DFFA82A32B1109E" = {
			"isa" = "PBXFileReference";
			"lastKnownFileType" = "sourcecode.swift";
			"path" = "../swift/App.swift";
			"sourceTree" = "<group>";
		};
		"392FDD0372ED06FFB5B15540" = {
			"buildSettings" = {
				"ARCHS" = "arm64";
				"CLANG_ENABLE_MODULES" = "YES";
				"CODE_SIGN_ENTITLEMENTS" = "macOS.entitlements";
				"CODE_SIGN_IDENTITY" = "-";
				"CODE_SIGN_STYLE" = "Automatic";
				"DEBUG_INFORMATION_FORMAT" = "dwarf-with-dsym";
				"DEVELOPMENT_TEAM" = "";
				"ENABLE_TESTABILITY" = "NO";
				"ENABLE_USER_SCRIPT_SANDBOXING" = "NO";
				"GCC_OPTIMIZATION_LEVEL" = "s";
				"GENERATE_INFOPLIST_FILE" = "NO";
				"INFOPLIST_FILE" = "Info-macOS.plist";
				"IPHONEOS_DEPLOYMENT_TARGET" = "26.0";
				"LD_RUNPATH_SEARCH_PATHS" = (
					"$(inherited)",
					"@executable_path/../Frameworks",
					"@executable_path/Frameworks",
					"@loader_path/Frameworks",
				);
				"MACOSX_DEPLOYMENT_TARGET" = "26.0";
				"ONLY_ACTIVE_ARCH" = "NO";
				"OTHER_LDFLAGS" = (
					"$(inherited)",
					"\"$(PROJECT_DIR)/Native/macosx/$(CONFIGURATION)/runtime.complete.o\"",
					"-framework",
					"CoreFoundation",
					"-framework",
					"Security",
					"-lpthread",
					"@\"$(DERIVED_FILE_DIR)/runtime-system-libraries.rsp\"",
					"-Wl,-no_compact_unwind",
				);
				"PRODUCT_BUNDLE_IDENTIFIER" = "org.bonsai-swiftui.example.network";
				"PRODUCT_NAME" = "BonsaiNetwork";
				"SDKROOT" = "macosx";
				"SUPPORTED_PLATFORMS" = "macosx";
				"SUPPORTS_MACCATALYST" = "NO";
				"SUPPORTS_MAC_DESIGNED_FOR_IPHONE_IPAD" = "NO";
				"SWIFT_INCLUDE_PATHS" = (
					"$(inherited)",
					"\"$(PROJECT_DIR)/../../../native/src\"",
				);
				"SWIFT_OPTIMIZATION_LEVEL" = "-O";
				"SWIFT_VERSION" = "6.0";
			};
			"isa" = "XCBuildConfiguration";
			"name" = "Profile";
		};
		"3ADD0EC5F1AB034E68D18958" = {
			"buildConfigurationList" = "E8F9CE9F2C472AE88F15ED51";
			"buildPhases" = (
				"B1308CA0B52127166D06F1C9",
				"D375060CF354782695A5D319",
				"CE404FF3F73B92ADE07E4217",
				"5ED724BFBD6AA831E22960B3",
			);
			"buildRules" = (
			);
			"dependencies" = (
			);
			"isa" = "PBXNativeTarget";
			"name" = "BonsaiNetwork-iOS";
			"packageProductDependencies" = (
				"9BCEE5D92F3172680F242A73",
			);
			"productName" = "BonsaiNetwork";
			"productReference" = "489AF8508444ADDB0B953103";
			"productType" = "com.apple.product-type.application";
		};
		"489AF8508444ADDB0B953103" = {
			"explicitFileType" = "wrapper.application";
			"includeInIndex" = "0";
			"isa" = "PBXFileReference";
			"path" = "BonsaiNetwork.app";
			"sourceTree" = "BUILT_PRODUCTS_DIR";
		};
		"5ED724BFBD6AA831E22960B3" = {
			"buildActionMask" = "2147483647";
			"files" = (
			);
			"isa" = "PBXResourcesBuildPhase";
			"runOnlyForDeploymentPostprocessing" = "0";
		};
		"5FE1F706D6D9BF484DB2FC2E" = {
			"buildActionMask" = "2147483647";
			"files" = (
			);
			"isa" = "PBXResourcesBuildPhase";
			"runOnlyForDeploymentPostprocessing" = "0";
		};
		"7FF864FC2BCFF786A06F67D4" = {
			"buildConfigurations" = (
				"EEB8ED5CF9AF8306B1891CAD",
				"392FDD0372ED06FFB5B15540",
				"B0C79529F811368D83B71F40",
			);
			"defaultConfigurationIsVisible" = "0";
			"defaultConfigurationName" = "Debug";
			"isa" = "XCConfigurationList";
		};
		"9BCEE5D92F3172680F242A73" = {
			"isa" = "XCSwiftPackageProductDependency";
			"productName" = "BonsaiSwiftUI";
		};
		"9C3D1C41CBA3A05979A7D353" = {
			"buildActionMask" = "2147483647";
			"files" = (
				"C8B0F4E70C42FE91EA8FA290",
			);
			"isa" = "PBXSourcesBuildPhase";
			"runOnlyForDeploymentPostprocessing" = "0";
		};
		"9E5C9A17C43753CBDBEAD47F" = {
			"buildSettings" = {
				"ARCHS" = "arm64";
				"DEBUG_INFORMATION_FORMAT" = "dwarf-with-dsym";
				"ENABLE_TESTABILITY" = "NO";
				"GCC_OPTIMIZATION_LEVEL" = "s";
				"SWIFT_OPTIMIZATION_LEVEL" = "-O";
			};
			"isa" = "XCBuildConfiguration";
			"name" = "Profile";
		};
		"A133CE3A96D8FF0CF4D9FF6E" = {
			"buildActionMask" = "2147483647";
			"files" = (
				"2A18B25266CC3A4F65834A08",
			);
			"isa" = "PBXFrameworksBuildPhase";
			"runOnlyForDeploymentPostprocessing" = "0";
		};
		"B0C79529F811368D83B71F40" = {
			"buildSettings" = {
				"ARCHS" = "arm64";
				"CLANG_ENABLE_MODULES" = "YES";
				"CODE_SIGN_ENTITLEMENTS" = "macOS.entitlements";
				"CODE_SIGN_IDENTITY" = "-";
				"CODE_SIGN_STYLE" = "Automatic";
				"DEBUG_INFORMATION_FORMAT" = "dwarf-with-dsym";
				"DEVELOPMENT_TEAM" = "";
				"ENABLE_TESTABILITY" = "NO";
				"ENABLE_USER_SCRIPT_SANDBOXING" = "NO";
				"GCC_OPTIMIZATION_LEVEL" = "s";
				"GENERATE_INFOPLIST_FILE" = "NO";
				"INFOPLIST_FILE" = "Info-macOS.plist";
				"IPHONEOS_DEPLOYMENT_TARGET" = "26.0";
				"LD_RUNPATH_SEARCH_PATHS" = (
					"$(inherited)",
					"@executable_path/../Frameworks",
					"@executable_path/Frameworks",
					"@loader_path/Frameworks",
				);
				"MACOSX_DEPLOYMENT_TARGET" = "26.0";
				"ONLY_ACTIVE_ARCH" = "NO";
				"OTHER_LDFLAGS" = (
					"$(inherited)",
					"\"$(PROJECT_DIR)/Native/macosx/$(CONFIGURATION)/runtime.complete.o\"",
					"-framework",
					"CoreFoundation",
					"-framework",
					"Security",
					"-lpthread",
					"@\"$(DERIVED_FILE_DIR)/runtime-system-libraries.rsp\"",
					"-Wl,-no_compact_unwind",
				);
				"PRODUCT_BUNDLE_IDENTIFIER" = "org.bonsai-swiftui.example.network";
				"PRODUCT_NAME" = "BonsaiNetwork";
				"SDKROOT" = "macosx";
				"SUPPORTED_PLATFORMS" = "macosx";
				"SUPPORTS_MACCATALYST" = "NO";
				"SUPPORTS_MAC_DESIGNED_FOR_IPHONE_IPAD" = "NO";
				"SWIFT_INCLUDE_PATHS" = (
					"$(inherited)",
					"\"$(PROJECT_DIR)/../../../native/src\"",
				);
				"SWIFT_OPTIMIZATION_LEVEL" = "-O";
				"SWIFT_VERSION" = "6.0";
			};
			"isa" = "XCBuildConfiguration";
			"name" = "Release";
		};
		"B1308CA0B52127166D06F1C9" = {
			"alwaysOutOfDate" = "1";
			"buildActionMask" = "2147483647";
			"files" = (
			);
			"inputPaths" = (
				"$(PROJECT_DIR)/Native/iphoneos/$(CONFIGURATION)/runtime.complete.o",
			);
			"isa" = "PBXShellScriptBuildPhase";
			"name" = "Verify native complete object";
			"outputPaths" = (
				"$(DERIVED_FILE_DIR)/runtime-system-libraries.rsp",
			);
			"runOnlyForDeploymentPostprocessing" = "0";
			"shellPath" = "/bin/sh";
			"shellScript" = "set -eu\n/bin/sh \"$PROJECT_DIR\"/../../../tool/ios/verify_complete_object.sh \"$PROJECT_DIR/Native/iphoneos/$CONFIGURATION/runtime.complete.o\" IOS 26.0 arm64\nsymbols=$(xcrun nm -uj \"$PROJECT_DIR/Native/iphoneos/$CONFIGURATION/runtime.complete.o\")\nmkdir -p \"$DERIVED_FILE_DIR\"\n: > \"$DERIVED_FILE_DIR/runtime-system-libraries.rsp\"\nif printf \"%s\\n\" \"$symbols\" | LC_ALL=C grep -Eq \"^_sqlite3_[A-Za-z0-9_]+$\"; then\n  printf \"%s\\n\" \"-lsqlite3\" > \"$DERIVED_FILE_DIR/runtime-system-libraries.rsp\"\nfi\n";
		};
		"B2367A76EFA7FD4B00BEB9C6" = {
			"isa" = "XCSwiftPackageProductDependency";
			"productName" = "BonsaiSwiftUI";
		};
		"BC4A71180870F7945155FBB0" = {
			"isa" = "XCLocalSwiftPackageReference";
			"relativePath" = "../../..";
		};
		"C8B0F4E70C42FE91EA8FA290" = {
			"fileRef" = "2CB661822DFFA82A32B1109E";
			"isa" = "PBXBuildFile";
		};
		"CE404FF3F73B92ADE07E4217" = {
			"buildActionMask" = "2147483647";
			"files" = (
				"EB42F66E54A12060A80F1C63",
			);
			"isa" = "PBXFrameworksBuildPhase";
			"runOnlyForDeploymentPostprocessing" = "0";
		};
		"D375060CF354782695A5D319" = {
			"buildActionMask" = "2147483647";
			"files" = (
				"DD5E41EC401C6EA253E532EC",
			);
			"isa" = "PBXSourcesBuildPhase";
			"runOnlyForDeploymentPostprocessing" = "0";
		};
		"DD5E41EC401C6EA253E532EC" = {
			"fileRef" = "2CB661822DFFA82A32B1109E";
			"isa" = "PBXBuildFile";
		};
		"E8F9CE9F2C472AE88F15ED51" = {
			"buildConfigurations" = (
				"03C2CB8EC15B73F6494FCEAC",
				"F15EAFD3E75463DB6A7766CA",
				"EF72C3E35F124CDE0C816EE1",
			);
			"defaultConfigurationIsVisible" = "0";
			"defaultConfigurationName" = "Debug";
			"isa" = "XCConfigurationList";
		};
		"EB42F66E54A12060A80F1C63" = {
			"isa" = "PBXBuildFile";
			"productRef" = "9BCEE5D92F3172680F242A73";
		};
		"EEB8ED5CF9AF8306B1891CAD" = {
			"buildSettings" = {
				"ARCHS" = "arm64";
				"CLANG_ENABLE_MODULES" = "YES";
				"CODE_SIGN_ENTITLEMENTS" = "macOS.entitlements";
				"CODE_SIGN_IDENTITY" = "-";
				"CODE_SIGN_STYLE" = "Automatic";
				"DEBUG_INFORMATION_FORMAT" = "dwarf";
				"DEVELOPMENT_TEAM" = "";
				"ENABLE_TESTABILITY" = "YES";
				"ENABLE_USER_SCRIPT_SANDBOXING" = "NO";
				"GCC_OPTIMIZATION_LEVEL" = "0";
				"GENERATE_INFOPLIST_FILE" = "NO";
				"INFOPLIST_FILE" = "Info-macOS.plist";
				"IPHONEOS_DEPLOYMENT_TARGET" = "26.0";
				"LD_RUNPATH_SEARCH_PATHS" = (
					"$(inherited)",
					"@executable_path/../Frameworks",
					"@executable_path/Frameworks",
					"@loader_path/Frameworks",
				);
				"MACOSX_DEPLOYMENT_TARGET" = "26.0";
				"ONLY_ACTIVE_ARCH" = "NO";
				"OTHER_LDFLAGS" = (
					"$(inherited)",
					"\"$(PROJECT_DIR)/Native/macosx/$(CONFIGURATION)/runtime.complete.o\"",
					"-framework",
					"CoreFoundation",
					"-framework",
					"Security",
					"-lpthread",
					"@\"$(DERIVED_FILE_DIR)/runtime-system-libraries.rsp\"",
					"-Wl,-no_compact_unwind",
				);
				"PRODUCT_BUNDLE_IDENTIFIER" = "org.bonsai-swiftui.example.network";
				"PRODUCT_NAME" = "BonsaiNetwork";
				"SDKROOT" = "macosx";
				"SUPPORTED_PLATFORMS" = "macosx";
				"SUPPORTS_MACCATALYST" = "NO";
				"SUPPORTS_MAC_DESIGNED_FOR_IPHONE_IPAD" = "NO";
				"SWIFT_INCLUDE_PATHS" = (
					"$(inherited)",
					"\"$(PROJECT_DIR)/../../../native/src\"",
				);
				"SWIFT_OPTIMIZATION_LEVEL" = "-Onone";
				"SWIFT_VERSION" = "6.0";
			};
			"isa" = "XCBuildConfiguration";
			"name" = "Debug";
		};
		"EF72C3E35F124CDE0C816EE1" = {
			"buildSettings" = {
				"ARCHS" = "arm64";
				"CLANG_ENABLE_MODULES" = "YES";
				"CODE_SIGN_ENTITLEMENTS" = "iOS.entitlements";
				"CODE_SIGN_STYLE" = "Automatic";
				"DEBUG_INFORMATION_FORMAT" = "dwarf-with-dsym";
				"DEVELOPMENT_TEAM" = "";
				"ENABLE_TESTABILITY" = "NO";
				"ENABLE_USER_SCRIPT_SANDBOXING" = "NO";
				"GCC_OPTIMIZATION_LEVEL" = "s";
				"GENERATE_INFOPLIST_FILE" = "NO";
				"INFOPLIST_FILE" = "Info-iOS.plist";
				"IPHONEOS_DEPLOYMENT_TARGET" = "26.0";
				"LD_RUNPATH_SEARCH_PATHS" = (
					"$(inherited)",
					"@executable_path/../Frameworks",
					"@executable_path/Frameworks",
					"@loader_path/Frameworks",
				);
				"MACOSX_DEPLOYMENT_TARGET" = "26.0";
				"ONLY_ACTIVE_ARCH" = "NO";
				"OTHER_LDFLAGS" = (
					"$(inherited)",
					"\"$(PROJECT_DIR)/Native/iphoneos/$(CONFIGURATION)/runtime.complete.o\"",
					"-framework",
					"CoreFoundation",
					"-framework",
					"Security",
					"-lpthread",
					"@\"$(DERIVED_FILE_DIR)/runtime-system-libraries.rsp\"",
					"-Wl,-no_compact_unwind",
				);
				"PRODUCT_BUNDLE_IDENTIFIER" = "org.bonsai-swiftui.example.network";
				"PRODUCT_NAME" = "BonsaiNetwork";
				"SDKROOT" = "iphoneos";
				"SUPPORTED_PLATFORMS" = "iphoneos";
				"SUPPORTS_MACCATALYST" = "NO";
				"SUPPORTS_MAC_DESIGNED_FOR_IPHONE_IPAD" = "NO";
				"SWIFT_INCLUDE_PATHS" = (
					"$(inherited)",
					"\"$(PROJECT_DIR)/../../../native/src\"",
				);
				"SWIFT_OPTIMIZATION_LEVEL" = "-O";
				"SWIFT_VERSION" = "6.0";
				"TARGETED_DEVICE_FAMILY" = "1,2";
			};
			"isa" = "XCBuildConfiguration";
			"name" = "Release";
		};
		"F15EAFD3E75463DB6A7766CA" = {
			"buildSettings" = {
				"ARCHS" = "arm64";
				"CLANG_ENABLE_MODULES" = "YES";
				"CODE_SIGN_ENTITLEMENTS" = "iOS.entitlements";
				"CODE_SIGN_STYLE" = "Automatic";
				"DEBUG_INFORMATION_FORMAT" = "dwarf-with-dsym";
				"DEVELOPMENT_TEAM" = "";
				"ENABLE_TESTABILITY" = "NO";
				"ENABLE_USER_SCRIPT_SANDBOXING" = "NO";
				"GCC_OPTIMIZATION_LEVEL" = "s";
				"GENERATE_INFOPLIST_FILE" = "NO";
				"INFOPLIST_FILE" = "Info-iOS.plist";
				"IPHONEOS_DEPLOYMENT_TARGET" = "26.0";
				"LD_RUNPATH_SEARCH_PATHS" = (
					"$(inherited)",
					"@executable_path/../Frameworks",
					"@executable_path/Frameworks",
					"@loader_path/Frameworks",
				);
				"MACOSX_DEPLOYMENT_TARGET" = "26.0";
				"ONLY_ACTIVE_ARCH" = "NO";
				"OTHER_LDFLAGS" = (
					"$(inherited)",
					"\"$(PROJECT_DIR)/Native/iphoneos/$(CONFIGURATION)/runtime.complete.o\"",
					"-framework",
					"CoreFoundation",
					"-framework",
					"Security",
					"-lpthread",
					"@\"$(DERIVED_FILE_DIR)/runtime-system-libraries.rsp\"",
					"-Wl,-no_compact_unwind",
				);
				"PRODUCT_BUNDLE_IDENTIFIER" = "org.bonsai-swiftui.example.network";
				"PRODUCT_NAME" = "BonsaiNetwork";
				"SDKROOT" = "iphoneos";
				"SUPPORTED_PLATFORMS" = "iphoneos";
				"SUPPORTS_MACCATALYST" = "NO";
				"SUPPORTS_MAC_DESIGNED_FOR_IPHONE_IPAD" = "NO";
				"SWIFT_INCLUDE_PATHS" = (
					"$(inherited)",
					"\"$(PROJECT_DIR)/../../../native/src\"",
				);
				"SWIFT_OPTIMIZATION_LEVEL" = "-O";
				"SWIFT_VERSION" = "6.0";
				"TARGETED_DEVICE_FAMILY" = "1,2";
			};
			"isa" = "XCBuildConfiguration";
			"name" = "Profile";
		};
		"F5B8C6DB85B28FD517D1A4F7" = {
			"buildConfigurationList" = "7FF864FC2BCFF786A06F67D4";
			"buildPhases" = (
				"175D73B4BE4DD04927BD6C9F",
				"9C3D1C41CBA3A05979A7D353",
				"A133CE3A96D8FF0CF4D9FF6E",
				"5FE1F706D6D9BF484DB2FC2E",
			);
			"buildRules" = (
			);
			"dependencies" = (
			);
			"isa" = "PBXNativeTarget";
			"name" = "BonsaiNetwork-macOS";
			"packageProductDependencies" = (
				"B2367A76EFA7FD4B00BEB9C6",
			);
			"productName" = "BonsaiNetwork";
			"productReference" = "17299B552B0721CAC78A7EA8";
			"productType" = "com.apple.product-type.application";
		};
	};
	"rootObject" = "244210E48437B6556980A702";
}
