// !$*UTF8*$!
{
	"archiveVersion" = "1";
	"classes" = {
	};
	"objectVersion" = "56";
	"objects" = {
		"06BC05A6B577F140C52BC824" = {
			"isa" = "PBXFileReference";
			"lastKnownFileType" = "sourcecode.swift";
			"path" = "../apple-tests/MailRuntimeTests.swift";
			"sourceTree" = "<group>";
		};
		"071BBA2C1BEE69B7C1F77AFB" = {
			"buildConfigurations" = (
				"CB4A211147BA05CF6FCE8AB7",
				"30C675043812FD13574B8F59",
				"A5F6E46CBF626B6CC82990F3",
			);
			"defaultConfigurationIsVisible" = "0";
			"defaultConfigurationName" = "Debug";
			"isa" = "XCConfigurationList";
		};
		"09AA38CEF3EA53936A20C858" = {
			"buildSettings" = {
				"ARCHS" = "arm64";
				"DEBUG_INFORMATION_FORMAT" = "dwarf";
				"ENABLE_TESTABILITY" = "YES";
				"GCC_OPTIMIZATION_LEVEL" = "0";
				"SWIFT_OPTIMIZATION_LEVEL" = "-Onone";
			};
			"isa" = "XCBuildConfiguration";
			"name" = "Debug";
		};
		"0A3E27B8CA818264D75C8D81" = {
			"children" = (
				"F26A51B466EE1387964564CE",
				"E7F99ED55B37CEE3BB7EDE83",
				"FD008BF0A2F56B5192FEE942",
				"234BA4BDA4DA6A5991DA523A",
				"FCFDE68A6EB171067DE643B7",
				"94381AA321E5F5E9C7B4BA68",
			);
			"isa" = "PBXGroup";
			"name" = "Products";
			"sourceTree" = "<group>";
		};
		"0D6E4079E36703EBD37C0072" = {
			"children" = (
				"2CB661822DFFA82A32B1109E",
				"06BC05A6B577F140C52BC824",
				"E3E89ED6FD10330B90F6A4A4",
				"AD87A53E8C2DF2E666923A01",
				"0A3E27B8CA818264D75C8D81",
			);
			"isa" = "PBXGroup";
			"sourceTree" = "<group>";
		};
		"11AF94CE3BC353AE56AE924E" = {
			"buildSettings" = {
				"ARCHS" = "arm64";
				"CLANG_ENABLE_MODULES" = "YES";
				"CODE_SIGN_ENTITLEMENTS" = "iOS.entitlements";
				"CODE_SIGN_STYLE" = "Automatic";
				"DEBUG_INFORMATION_FORMAT" = "dwarf";
				"DEVELOPMENT_TEAM" = "";
				"ENABLE_TESTABILITY" = "YES";
				"ENABLE_USER_SCRIPT_SANDBOXING" = "NO";
				"GCC_OPTIMIZATION_LEVEL" = "0";
				"GENERATE_INFOPLIST_FILE" = "NO";
				"INFOPLIST_FILE" = "Info-iOS.plist";
				"IPHONEOS_DEPLOYMENT_TARGET" = "18.0";
				"LD_RUNPATH_SEARCH_PATHS" = (
					"$(inherited)",
					"@executable_path/../Frameworks",
					"@executable_path/Frameworks",
					"@loader_path/Frameworks",
				);
				"MACOSX_DEPLOYMENT_TARGET" = "26.0";
				"ONLY_ACTIVE_ARCH" = "NO";
				"PRODUCT_BUNDLE_IDENTIFIER" = "org.bonsai-swiftui.example.mail.test-host";
				"PRODUCT_NAME" = "BonsaiMailTestHost";
				"SDKROOT" = "iphoneos";
				"SUPPORTED_PLATFORMS" = "iphoneos";
				"SUPPORTS_MACCATALYST" = "NO";
				"SUPPORTS_MAC_DESIGNED_FOR_IPHONE_IPAD" = "NO";
				"SWIFT_OPTIMIZATION_LEVEL" = "-Onone";
				"SWIFT_VERSION" = "6.0";
				"TARGETED_DEVICE_FAMILY" = "1,2";
			};
			"isa" = "XCBuildConfiguration";
			"name" = "Debug";
		};
		"12DB6055E9F7C140878E1843" = {
			"buildActionMask" = "2147483647";
			"files" = (
				"2A13F5382A604C6001EFD1A0",
			);
			"isa" = "PBXSourcesBuildPhase";
			"runOnlyForDeploymentPostprocessing" = "0";
		};
		"1E4B6209DBC7689E3E7CF89C" = {
			"buildConfigurations" = (
				"09AA38CEF3EA53936A20C858",
				"9E5C9A17C43753CBDBEAD47F",
				"2C51B24F1BD0E37CCD3A85CD",
			);
			"defaultConfigurationIsVisible" = "0";
			"defaultConfigurationName" = "Debug";
			"isa" = "XCConfigurationList";
		};
		"234BA4BDA4DA6A5991DA523A" = {
			"explicitFileType" = "wrapper.application";
			"includeInIndex" = "0";
			"isa" = "PBXFileReference";
			"path" = "BonsaiMailTestHost.app";
			"sourceTree" = "BUILT_PRODUCTS_DIR";
		};
		"244210E48437B6556980A702" = {
			"attributes" = {
				"BuildIndependentTargetsInParallel" = "YES";
				"LastUpgradeCheck" = "2610";
			};
			"buildConfigurationList" = "1E4B6209DBC7689E3E7CF89C";
			"compatibilityVersion" = "Xcode 14.0";
			"developmentRegion" = "en";
			"isa" = "PBXProject";
			"knownRegions" = (
				"en",
				"Base",
			);
			"mainGroup" = "0D6E4079E36703EBD37C0072";
			"packageReferences" = (
				"BC4A71180870F7945155FBB0",
			);
			"productRefGroup" = "0A3E27B8CA818264D75C8D81";
			"projectDirPath" = "";
			"projectRoot" = "";
			"targets" = (
				"2795185B29537F7083CAA5CB",
				"A4B02E113F7F2F0DB4FBA08B",
				"37748E06E02BC32C4AF50B5B",
				"C9AF11097F1C653D7181A3AB",
				"25E3429BDA5EA902E76375AE",
				"83803DE71EF943B59890875E",
			);
		};
		"25E3429BDA5EA902E76375AE" = {
			"buildConfigurationList" = "675A1501AF7FB688F66498D9";
			"buildPhases" = (
				"6CD0EB4DF9F7D96C85D5CD29",
				"12DB6055E9F7C140878E1843",
				"A17287F997ABD654B7DB0FB7",
				"78644C5AE8D78987C5139194",
			);
			"buildRules" = (
			);
			"dependencies" = (
				"5FDC571D324B8916FC576D5C",
			);
			"isa" = "PBXNativeTarget";
			"name" = "BonsaiMail-iOSTests";
			"packageProductDependencies" = (
				"298B869BCB3B305A6B756967",
			);
			"productName" = "BonsaiMail-iOSTests";
			"productReference" = "FCFDE68A6EB171067DE643B7";
			"productType" = "com.apple.product-type.bundle.unit-test";
		};
		"2795185B29537F7083CAA5CB" = {
			"buildConfigurationList" = "071BBA2C1BEE69B7C1F77AFB";
			"buildPhases" = (
				"FC874645C9DABCF6D1656FB0",
				"E054D295EE5B303267726C3E",
				"D23E80A30302FD3D57B0D3A6",
				"9C2F9B0C0BF87670FBEBF022",
			);
			"buildRules" = (
			);
			"dependencies" = (
			);
			"isa" = "PBXNativeTarget";
			"name" = "BonsaiMail-macOS";
			"packageProductDependencies" = (
				"7D10A5AFBAC3AA97253D4F66",
			);
			"productName" = "BonsaiMail";
			"productReference" = "F26A51B466EE1387964564CE";
			"productType" = "com.apple.product-type.application";
		};
		"27974A02F25104E2F618D80F" = {
			"buildSettings" = {
				"ARCHS" = "arm64";
				"BUNDLE_LOADER" = "$(TEST_HOST)";
				"CLANG_ENABLE_MODULES" = "YES";
				"CODE_SIGN_STYLE" = "Automatic";
				"DEBUG_INFORMATION_FORMAT" = "dwarf-with-dsym";
				"DEVELOPMENT_TEAM" = "";
				"ENABLE_TESTABILITY" = "NO";
				"ENABLE_USER_SCRIPT_SANDBOXING" = "NO";
				"GCC_OPTIMIZATION_LEVEL" = "s";
				"GENERATE_INFOPLIST_FILE" = "YES";
				"IPHONEOS_DEPLOYMENT_TARGET" = "18.0";
				"LD_RUNPATH_SEARCH_PATHS" = (
					"$(inherited)",
					"@executable_path/../Frameworks",
					"@executable_path/Frameworks",
					"@loader_path/Frameworks",
				);
				"MACOSX_DEPLOYMENT_TARGET" = "26.0";
				"ONLY_ACTIVE_ARCH" = "NO";
				"OTHER_LDFLAGS" = (
					"$(inherited)",
					"\"$(PROJECT_DIR)/Native/iphoneos/$(CONFIGURATION)/runtime.complete.o\"",
					"-framework",
					"CoreFoundation",
					"-framework",
					"Security",
					"-lpthread",
					"@\"$(DERIVED_FILE_DIR)/runtime-system-libraries.rsp\"",
					"-Wl,-no_compact_unwind",
				);
				"PRODUCT_BUNDLE_IDENTIFIER" = "org.bonsai-swiftui.example.mail.tests";
				"PRODUCT_NAME" = "BonsaiMail-iOSTests";
				"SDKROOT" = "iphoneos";
				"SUPPORTED_PLATFORMS" = "iphoneos";
				"SUPPORTS_MACCATALYST" = "NO";
				"SUPPORTS_MAC_DESIGNED_FOR_IPHONE_IPAD" = "NO";
				"SWIFT_INCLUDE_PATHS" = (
					"$(inherited)",
					"\"$(PROJECT_DIR)/../../../native/src\"",
				);
				"SWIFT_OPTIMIZATION_LEVEL" = "-O";
				"SWIFT_VERSION" = "6.0";
				"TARGETED_DEVICE_FAMILY" = "1,2";
				"TEST_HOST" = "$(BUILT_PRODUCTS_DIR)/BonsaiMailTestHost.app/BonsaiMailTestHost";
			};
			"isa" = "XCBuildConfiguration";
			"name" = "Profile";
		};
		"298B869BCB3B305A6B756967" = {
			"isa" = "XCSwiftPackageProductDependency";
			"productName" = "BonsaiSwiftUI";
		};
		"299527E036BA6F89BF30849A" = {
			"buildSettings" = {
				"ARCHS" = "arm64";
				"BUNDLE_LOADER" = "$(TEST_HOST)";
				"CLANG_ENABLE_MODULES" = "YES";
				"CODE_SIGN_STYLE" = "Automatic";
				"DEBUG_INFORMATION_FORMAT" = "dwarf-with-dsym";
				"DEVELOPMENT_TEAM" = "";
				"ENABLE_TESTABILITY" = "NO";
				"ENABLE_USER_SCRIPT_SANDBOXING" = "NO";
				"GCC_OPTIMIZATION_LEVEL" = "s";
				"GENERATE_INFOPLIST_FILE" = "YES";
				"IPHONEOS_DEPLOYMENT_TARGET" = "18.0";
				"LD_RUNPATH_SEARCH_PATHS" = (
					"$(inherited)",
					"@executable_path/../Frameworks",
					"@executable_path/Frameworks",
					"@loader_path/Frameworks",
				);
				"MACOSX_DEPLOYMENT_TARGET" = "26.0";
				"ONLY_ACTIVE_ARCH" = "NO";
				"OTHER_LDFLAGS" = (
					"$(inherited)",
					"\"$(PROJECT_DIR)/Native/iphoneos/$(CONFIGURATION)/runtime.complete.o\"",
					"-framework",
					"CoreFoundation",
					"-framework",
					"Security",
					"-lpthread",
					"@\"$(DERIVED_FILE_DIR)/runtime-system-libraries.rsp\"",
					"-Wl,-no_compact_unwind",
				);
				"PRODUCT_BUNDLE_IDENTIFIER" = "org.bonsai-swiftui.example.mail.tests";
				"PRODUCT_NAME" = "BonsaiMail-iOSTests";
				"SDKROOT" = "iphoneos";
				"SUPPORTED_PLATFORMS" = "iphoneos";
				"SUPPORTS_MACCATALYST" = "NO";
				"SUPPORTS_MAC_DESIGNED_FOR_IPHONE_IPAD" = "NO";
				"SWIFT_INCLUDE_PATHS" = (
					"$(inherited)",
					"\"$(PROJECT_DIR)/../../../native/src\"",
				);
				"SWIFT_OPTIMIZATION_LEVEL" = "-O";
				"SWIFT_VERSION" = "6.0";
				"TARGETED_DEVICE_FAMILY" = "1,2";
				"TEST_HOST" = "$(BUILT_PRODUCTS_DIR)/BonsaiMailTestHost.app/BonsaiMailTestHost";
			};
			"isa" = "XCBuildConfiguration";
			"name" = "Release";
		};
		"2A13F5382A604C6001EFD1A0" = {
			"fileRef" = "06BC05A6B577F140C52BC824";
			"isa" = "PBXBuildFile";
		};
		"2C51B24F1BD0E37CCD3A85CD" = {
			"buildSettings" = {
				"ARCHS" = "arm64";
				"DEBUG_INFORMATION_FORMAT" = "dwarf-with-dsym";
				"ENABLE_TESTABILITY" = "NO";
				"GCC_OPTIMIZATION_LEVEL" = "s";
				"SWIFT_OPTIMIZATION_LEVEL" = "-O";
			};
			"isa" = "XCBuildConfiguration";
			"name" = "Release";
		};
		"2C85AE851EA8C7DC9AE378AD" = {
			"alwaysOutOfDate" = "1";
			"buildActionMask" = "2147483647";
			"files" = (
			);
			"inputPaths" = (
				"$(PROJECT_DIR)/Native/iphoneos/$(CONFIGURATION)/runtime.complete.o",
			);
			"isa" = "PBXShellScriptBuildPhase";
			"name" = "Verify native complete object";
			"outputPaths" = (
				"$(DERIVED_FILE_DIR)/runtime-system-libraries.rsp",
			);
			"runOnlyForDeploymentPostprocessing" = "0";
			"shellPath" = "/bin/sh";
			"shellScript" = "set -eu\n/bin/sh \"$PROJECT_DIR\"/../../../tool/ios/verify_complete_object.sh \"$PROJECT_DIR/Native/iphoneos/$CONFIGURATION/runtime.complete.o\" IOS 18.0 arm64\nsymbols=$(xcrun nm -uj \"$PROJECT_DIR/Native/iphoneos/$CONFIGURATION/runtime.complete.o\")\nmkdir -p \"$DERIVED_FILE_DIR\"\n: > \"$DERIVED_FILE_DIR/runtime-system-libraries.rsp\"\nif printf \"%s\\n\" \"$symbols\" | LC_ALL=C grep -Eq \"^_sqlite3_[A-Za-z0-9_]+$\"; then\n  printf \"%s\\n\" \"-lsqlite3\" > \"$DERIVED_FILE_DIR/runtime-system-libraries.rsp\"\nfi\n";
		};
		"2CB661822DFFA82A32B1109E" = {
			"isa" = "PBXFileReference";
			"lastKnownFileType" = "sourcecode.swift";
			"path" = "../swift/App.swift";
			"sourceTree" = "<group>";
		};
		"30C675043812FD13574B8F59" = {
			"buildSettings" = {
				"ARCHS" = "arm64";
				"CLANG_ENABLE_MODULES" = "YES";
				"CODE_SIGN_ENTITLEMENTS" = "macOS.entitlements";
				"CODE_SIGN_IDENTITY" = "-";
				"CODE_SIGN_STYLE" = "Automatic";
				"DEBUG_INFORMATION_FORMAT" = "dwarf-with-dsym";
				"DEVELOPMENT_TEAM" = "";
				"ENABLE_TESTABILITY" = "NO";
				"ENABLE_USER_SCRIPT_SANDBOXING" = "NO";
				"GCC_OPTIMIZATION_LEVEL" = "s";
				"GENERATE_INFOPLIST_FILE" = "NO";
				"INFOPLIST_FILE" = "Info-macOS.plist";
				"IPHONEOS_DEPLOYMENT_TARGET" = "18.0";
				"LD_RUNPATH_SEARCH_PATHS" = (
					"$(inherited)",
					"@executable_path/../Frameworks",
					"@executable_path/Frameworks",
					"@loader_path/Frameworks",
				);
				"MACOSX_DEPLOYMENT_TARGET" = "26.0";
				"ONLY_ACTIVE_ARCH" = "NO";
				"OTHER_LDFLAGS" = (
					"$(inherited)",
					"\"$(PROJECT_DIR)/Native/macosx/$(CONFIGURATION)/runtime.complete.o\"",
					"-framework",
					"CoreFoundation",
					"-framework",
					"Security",
					"-lpthread",
					"@\"$(DERIVED_FILE_DIR)/runtime-system-libraries.rsp\"",
					"-Wl,-no_compact_unwind",
				);
				"PRODUCT_BUNDLE_IDENTIFIER" = "org.bonsai-swiftui.example.mail";
				"PRODUCT_NAME" = "BonsaiMail";
				"SDKROOT" = "macosx";
				"SUPPORTED_PLATFORMS" = "macosx";
				"SUPPORTS_MACCATALYST" = "NO";
				"SUPPORTS_MAC_DESIGNED_FOR_IPHONE_IPAD" = "NO";
				"SWIFT_INCLUDE_PATHS" = (
					"$(inherited)",
					"\"$(PROJECT_DIR)/../../../native/src\"",
				);
				"SWIFT_OPTIMIZATION_LEVEL" = "-O";
				"SWIFT_VERSION" = "6.0";
			};
			"isa" = "XCBuildConfiguration";
			"name" = "Profile";
		};
		"344CC77E29537AA270963CAA" = {
			"isa" = "XCSwiftPackageProductDependency";
			"productName" = "BonsaiSwiftUI";
		};
		"36902E7ADDE75406364A2AEE" = {
			"buildActionMask" = "2147483647";
			"files" = (
				"4BC9808552126E2D07BE283E",
			);
			"isa" = "PBXSourcesBuildPhase";
			"runOnlyForDeploymentPostprocessing" = "0";
		};
		"37748E06E02BC32C4AF50B5B" = {
			"buildConfigurationList" = "9FB5E1DDF60E2EA231494CA3";
			"buildPhases" = (
				"2C85AE851EA8C7DC9AE378AD",
				"CEBD538DA02D12E0B85CFC82",
				"65EC24F59D6E8CB34B502CDC",
				"8154266E4668D0F4CBBA1A41",
			);
			"buildRules" = (
			);
			"dependencies" = (
			);
			"isa" = "PBXNativeTarget";
			"name" = "BonsaiMail-iOS";
			"packageProductDependencies" = (
				"E2DC87137C5D34E99C925C1F",
			);
			"productName" = "BonsaiMail";
			"productReference" = "FD008BF0A2F56B5192FEE942";
			"productType" = "com.apple.product-type.application";
		};
		"485B4420EA14ACBD03584084" = {
			"buildSettings" = {
				"ARCHS" = "arm64";
				"CLANG_ENABLE_MODULES" = "YES";
				"CODE_SIGN_STYLE" = "Automatic";
				"DEBUG_INFORMATION_FORMAT" = "dwarf-with-dsym";
				"DEVELOPMENT_TEAM" = "";
				"ENABLE_TESTABILITY" = "NO";
				"ENABLE_USER_SCRIPT_SANDBOXING" = "NO";
				"GCC_OPTIMIZATION_LEVEL" = "s";
				"GENERATE_INFOPLIST_FILE" = "YES";
				"IPHONEOS_DEPLOYMENT_TARGET" = "18.0";
				"LD_RUNPATH_SEARCH_PATHS" = (
					"$(inherited)",
					"@executable_path/../Frameworks",
					"@executable_path/Frameworks",
					"@loader_path/Frameworks",
				);
				"MACOSX_DEPLOYMENT_TARGET" = "26.0";
				"ONLY_ACTIVE_ARCH" = "NO";
				"PRODUCT_BUNDLE_IDENTIFIER" = "org.bonsai-swiftui.example.mail.ui-tests";
				"PRODUCT_NAME" = "BonsaiMail-iOSUITests";
				"SDKROOT" = "iphoneos";
				"SUPPORTED_PLATFORMS" = "iphoneos";
				"SUPPORTS_MACCATALYST" = "NO";
				"SUPPORTS_MAC_DESIGNED_FOR_IPHONE_IPAD" = "NO";
				"SWIFT_OPTIMIZATION_LEVEL" = "-O";
				"SWIFT_VERSION" = "6.0";
				"TARGETED_DEVICE_FAMILY" = "1,2";
				"TEST_TARGET_NAME" = "BonsaiMail-iOS";
			};
			"isa" = "XCBuildConfiguration";
			"name" = "Profile";
		};
		"48FF99D0E8A182E467B3DC5C" = {
			"buildActionMask" = "2147483647";
			"files" = (
				"CB8CE607FF427D73BD2708DE",
			);
			"isa" = "PBXSourcesBuildPhase";
			"runOnlyForDeploymentPostprocessing" = "0";
		};
		"4BC9808552126E2D07BE283E" = {
			"fileRef" = "06BC05A6B577F140C52BC824";
			"isa" = "PBXBuildFile";
		};
		"4E225CD460722BCCB3E93C24" = {
			"buildSettings" = {
				"ARCHS" = "arm64";
				"CLANG_ENABLE_MODULES" = "YES";
				"CODE_SIGN_ENTITLEMENTS" = "iOS.entitlements";
				"CODE_SIGN_STYLE" = "Automatic";
				"DEBUG_INFORMATION_FORMAT" = "dwarf";
				"DEVELOPMENT_TEAM" = "";
				"ENABLE_TESTABILITY" = "YES";
				"ENABLE_USER_SCRIPT_SANDBOXING" = "NO";
				"GCC_OPTIMIZATION_LEVEL" = "0";
				"GENERATE_INFOPLIST_FILE" = "NO";
				"INFOPLIST_FILE" = "Info-iOS.plist";
				"IPHONEOS_DEPLOYMENT_TARGET" = "18.0";
				"LD_RUNPATH_SEARCH_PATHS" = (
					"$(inherited)",
					"@executable_path/../Frameworks",
					"@executable_path/Frameworks",
					"@loader_path/Frameworks",
				);
				"MACOSX_DEPLOYMENT_TARGET" = "26.0";
				"ONLY_ACTIVE_ARCH" = "NO";
				"OTHER_LDFLAGS" = (
					"$(inherited)",
					"\"$(PROJECT_DIR)/Native/iphoneos/$(CONFIGURATION)/runtime.complete.o\"",
					"-framework",
					"CoreFoundation",
					"-framework",
					"Security",
					"-lpthread",
					"@\"$(DERIVED_FILE_DIR)/runtime-system-libraries.rsp\"",
					"-Wl,-no_compact_unwind",
				);
				"PRODUCT_BUNDLE_IDENTIFIER" = "org.bonsai-swiftui.example.mail";
				"PRODUCT_NAME" = "BonsaiMail";
				"SDKROOT" = "iphoneos";
				"SUPPORTED_PLATFORMS" = "iphoneos";
				"SUPPORTS_MACCATALYST" = "NO";
				"SUPPORTS_MAC_DESIGNED_FOR_IPHONE_IPAD" = "NO";
				"SWIFT_INCLUDE_PATHS" = (
					"$(inherited)",
					"\"$(PROJECT_DIR)/../../../native/src\"",
				);
				"SWIFT_OPTIMIZATION_LEVEL" = "-Onone";
				"SWIFT_VERSION" = "6.0";
				"TARGETED_DEVICE_FAMILY" = "1,2";
			};
			"isa" = "XCBuildConfiguration";
			"name" = "Debug";
		};
		"57840F97EC676B830921CA5F" = {
			"buildSettings" = {
				"ARCHS" = "arm64";
				"CLANG_ENABLE_MODULES" = "YES";
				"CODE_SIGN_ENTITLEMENTS" = "iOS.entitlements";
				"CODE_SIGN_STYLE" = "Automatic";
				"DEBUG_INFORMATION_FORMAT" = "dwarf-with-dsym";
				"DEVELOPMENT_TEAM" = "";
				"ENABLE_TESTABILITY" = "NO";
				"ENABLE_USER_SCRIPT_SANDBOXING" = "NO";
				"GCC_OPTIMIZATION_LEVEL" = "s";
				"GENERATE_INFOPLIST_FILE" = "NO";
				"INFOPLIST_FILE" = "Info-iOS.plist";
				"IPHONEOS_DEPLOYMENT_TARGET" = "18.0";
				"LD_RUNPATH_SEARCH_PATHS" = (
					"$(inherited)",
					"@executable_path/../Frameworks",
					"@executable_path/Frameworks",
					"@loader_path/Frameworks",
				);
				"MACOSX_DEPLOYMENT_TARGET" = "26.0";
				"ONLY_ACTIVE_ARCH" = "NO";
				"PRODUCT_BUNDLE_IDENTIFIER" = "org.bonsai-swiftui.example.mail.test-host";
				"PRODUCT_NAME" = "BonsaiMailTestHost";
				"SDKROOT" = "iphoneos";
				"SUPPORTED_PLATFORMS" = "iphoneos";
				"SUPPORTS_MACCATALYST" = "NO";
				"SUPPORTS_MAC_DESIGNED_FOR_IPHONE_IPAD" = "NO";
				"SWIFT_OPTIMIZATION_LEVEL" = "-O";
				"SWIFT_VERSION" = "6.0";
				"TARGETED_DEVICE_FAMILY" = "1,2";
			};
			"isa" = "XCBuildConfiguration";
			"name" = "Release";
		};
		"5D7DA5FD0E3F7C1CFB395915" = {
			"buildActionMask" = "2147483647";
			"files" = (
				"AA1E8EB1363C9020879F4864",
			);
			"isa" = "PBXFrameworksBuildPhase";
			"runOnlyForDeploymentPostprocessing" = "0";
		};
		"5FDC571D324B8916FC576D5C" = {
			"isa" = "PBXTargetDependency";
			"target" = "C9AF11097F1C653D7181A3AB";
		};
		"64AD51160A8AF11FD35EEB0E" = {
			"isa" = "PBXBuildFile";
			"productRef" = "298B869BCB3B305A6B756967";
		};
		"65EC24F59D6E8CB34B502CDC" = {
			"buildActionMask" = "2147483647";
			"files" = (
				"C3C79EF726460D287A2FC7B1",
			);
			"isa" = "PBXFrameworksBuildPhase";
			"runOnlyForDeploymentPostprocessing" = "0";
		};
		"675A1501AF7FB688F66498D9" = {
			"buildConfigurations" = (
				"95847593896FAB080814D07C",
				"27974A02F25104E2F618D80F",
				"299527E036BA6F89BF30849A",
			);
			"defaultConfigurationIsVisible" = "0";
			"defaultConfigurationName" = "Debug";
			"isa" = "XCConfigurationList";
		};
		"6CD0EB4DF9F7D96C85D5CD29" = {
			"alwaysOutOfDate" = "1";
			"buildActionMask" = "2147483647";
			"files" = (
			);
			"inputPaths" = (
				"$(PROJECT_DIR)/Native/iphoneos/$(CONFIGURATION)/runtime.complete.o",
			);
			"isa" = "PBXShellScriptBuildPhase";
			"name" = "Verify native complete object";
			"outputPaths" = (
				"$(DERIVED_FILE_DIR)/runtime-system-libraries.rsp",
			);
			"runOnlyForDeploymentPostprocessing" = "0";
			"shellPath" = "/bin/sh";
			"shellScript" = "set -eu\n/bin/sh \"$PROJECT_DIR\"/../../../tool/ios/verify_complete_object.sh \"$PROJECT_DIR/Native/iphoneos/$CONFIGURATION/runtime.complete.o\" IOS 18.0 arm64\nsymbols=$(xcrun nm -uj \"$PROJECT_DIR/Native/iphoneos/$CONFIGURATION/runtime.complete.o\")\nmkdir -p \"$DERIVED_FILE_DIR\"\n: > \"$DERIVED_FILE_DIR/runtime-system-libraries.rsp\"\nif printf \"%s\\n\" \"$symbols\" | LC_ALL=C grep -Eq \"^_sqlite3_[A-Za-z0-9_]+$\"; then\n  printf \"%s\\n\" \"-lsqlite3\" > \"$DERIVED_FILE_DIR/runtime-system-libraries.rsp\"\nfi\n";
		};
		"6F298A4F4D568386D1886E05" = {
			"buildActionMask" = "2147483647";
			"files" = (
			);
			"isa" = "PBXFrameworksBuildPhase";
			"runOnlyForDeploymentPostprocessing" = "0";
		};
		"73CF39D44C08910366BC63E4" = {
			"fileRef" = "AD87A53E8C2DF2E666923A01";
			"isa" = "PBXBuildFile";
		};
		"7527C3FF1D2C74E4ABBF6D90" = {
			"buildActionMask" = "2147483647";
			"files" = (
			);
			"isa" = "PBXResourcesBuildPhase";
			"runOnlyForDeploymentPostprocessing" = "0";
		};
		"78644C5AE8D78987C5139194" = {
			"buildActionMask" = "2147483647";
			"files" = (
			);
			"isa" = "PBXResourcesBuildPhase";
			"runOnlyForDeploymentPostprocessing" = "0";
		};
		"78E7133761ED39AEF7CD42FF" = {
			"buildConfigurations" = (
				"11AF94CE3BC353AE56AE924E",
				"B48E2E2E575CA6B06A879118",
				"57840F97EC676B830921CA5F",
			);
			"defaultConfigurationIsVisible" = "0";
			"defaultConfigurationName" = "Debug";
			"isa" = "XCConfigurationList";
		};
		"7BBF4C5F6A254519605B46FE" = {
			"buildConfigurations" = (
				"FD4510CE67002F12A3AFB884",
				"485B4420EA14ACBD03584084",
				"92FAD96F7D713E60D45CBC42",
			);
			"defaultConfigurationIsVisible" = "0";
			"defaultConfigurationName" = "Debug";
			"isa" = "XCConfigurationList";
		};
		"7D10A5AFBAC3AA97253D4F66" = {
			"isa" = "XCSwiftPackageProductDependency";
			"productName" = "BonsaiSwiftUI";
		};
		"8154266E4668D0F4CBBA1A41" = {
			"buildActionMask" = "2147483647";
			"files" = (
			);
			"isa" = "PBXResourcesBuildPhase";
			"runOnlyForDeploymentPostprocessing" = "0";
		};
		"83803DE71EF943B59890875E" = {
			"buildConfigurationList" = "7BBF4C5F6A254519605B46FE";
			"buildPhases" = (
				"FA36EF32742BE7BAA2D79E45",
				"FAD2B8C5C815DE60616568E9",
				"965BD7391B509CD75916BBCF",
			);
			"buildRules" = (
			);
			"dependencies" = (
				"C0CA6F1F5CE8ED803F5A48B6",
			);
			"isa" = "PBXNativeTarget";
			"name" = "BonsaiMail-iOSUITests";
			"packageProductDependencies" = (
			);
			"productName" = "BonsaiMail-iOSUITests";
			"productReference" = "94381AA321E5F5E9C7B4BA68";
			"productType" = "com.apple.product-type.bundle.ui-testing";
		};
		"8CECC854E7DDE7399D29D779" = {
			"buildConfigurations" = (
				"A9A32C62A431EEACFCC95818",
				"C7BDF227D00900A6208338FC",
				"D2EFE41CBFE61CD66F55AC82",
			);
			"defaultConfigurationIsVisible" = "0";
			"defaultConfigurationName" = "Debug";
			"isa" = "XCConfigurationList";
		};
		"8EEE1315103760E558335580" = {
			"buildSettings" = {
				"ARCHS" = "arm64";
				"CLANG_ENABLE_MODULES" = "YES";
				"CODE_SIGN_ENTITLEMENTS" = "iOS.entitlements";
				"CODE_SIGN_STYLE" = "Automatic";
				"DEBUG_INFORMATION_FORMAT" = "dwarf-with-dsym";
				"DEVELOPMENT_TEAM" = "";
				"ENABLE_TESTABILITY" = "NO";
				"ENABLE_USER_SCRIPT_SANDBOXING" = "NO";
				"GCC_OPTIMIZATION_LEVEL" = "s";
				"GENERATE_INFOPLIST_FILE" = "NO";
				"INFOPLIST_FILE" = "Info-iOS.plist";
				"IPHONEOS_DEPLOYMENT_TARGET" = "18.0";
				"LD_RUNPATH_SEARCH_PATHS" = (
					"$(inherited)",
					"@executable_path/../Frameworks",
					"@executable_path/Frameworks",
					"@loader_path/Frameworks",
				);
				"MACOSX_DEPLOYMENT_TARGET" = "26.0";
				"ONLY_ACTIVE_ARCH" = "NO";
				"OTHER_LDFLAGS" = (
					"$(inherited)",
					"\"$(PROJECT_DIR)/Native/iphoneos/$(CONFIGURATION)/runtime.complete.o\"",
					"-framework",
					"CoreFoundation",
					"-framework",
					"Security",
					"-lpthread",
					"@\"$(DERIVED_FILE_DIR)/runtime-system-libraries.rsp\"",
					"-Wl,-no_compact_unwind",
				);
				"PRODUCT_BUNDLE_IDENTIFIER" = "org.bonsai-swiftui.example.mail";
				"PRODUCT_NAME" = "BonsaiMail";
				"SDKROOT" = "iphoneos";
				"SUPPORTED_PLATFORMS" = "iphoneos";
				"SUPPORTS_MACCATALYST" = "NO";
				"SUPPORTS_MAC_DESIGNED_FOR_IPHONE_IPAD" = "NO";
				"SWIFT_INCLUDE_PATHS" = (
					"$(inherited)",
					"\"$(PROJECT_DIR)/../../../native/src\"",
				);
				"SWIFT_OPTIMIZATION_LEVEL" = "-O";
				"SWIFT_VERSION" = "6.0";
				"TARGETED_DEVICE_FAMILY" = "1,2";
			};
			"isa" = "XCBuildConfiguration";
			"name" = "Release";
		};
		"92ADF2723BD0E87C07733729" = {
			"buildActionMask" = "2147483647";
			"files" = (
			);
			"isa" = "PBXResourcesBuildPhase";
			"runOnlyForDeploymentPostprocessing" = "0";
		};
		"92FAD96F7D713E60D45CBC42" = {
			"buildSettings" = {
				"ARCHS" = "arm64";
				"CLANG_ENABLE_MODULES" = "YES";
				"CODE_SIGN_STYLE" = "Automatic";
				"DEBUG_INFORMATION_FORMAT" = "dwarf-with-dsym";
				"DEVELOPMENT_TEAM" = "";
				"ENABLE_TESTABILITY" = "NO";
				"ENABLE_USER_SCRIPT_SANDBOXING" = "NO";
				"GCC_OPTIMIZATION_LEVEL" = "s";
				"GENERATE_INFOPLIST_FILE" = "YES";
				"IPHONEOS_DEPLOYMENT_TARGET" = "18.0";
				"LD_RUNPATH_SEARCH_PATHS" = (
					"$(inherited)",
					"@executable_path/../Frameworks",
					"@executable_path/Frameworks",
					"@loader_path/Frameworks",
				);
				"MACOSX_DEPLOYMENT_TARGET" = "26.0";
				"ONLY_ACTIVE_ARCH" = "NO";
				"PRODUCT_BUNDLE_IDENTIFIER" = "org.bonsai-swiftui.example.mail.ui-tests";
				"PRODUCT_NAME" = "BonsaiMail-iOSUITests";
				"SDKROOT" = "iphoneos";
				"SUPPORTED_PLATFORMS" = "iphoneos";
				"SUPPORTS_MACCATALYST" = "NO";
				"SUPPORTS_MAC_DESIGNED_FOR_IPHONE_IPAD" = "NO";
				"SWIFT_OPTIMIZATION_LEVEL" = "-O";
				"SWIFT_VERSION" = "6.0";
				"TARGETED_DEVICE_FAMILY" = "1,2";
				"TEST_TARGET_NAME" = "BonsaiMail-iOS";
			};
			"isa" = "XCBuildConfiguration";
			"name" = "Release";
		};
		"94381AA321E5F5E9C7B4BA68" = {
			"explicitFileType" = "wrapper.cfbundle";
			"includeInIndex" = "0";
			"isa" = "PBXFileReference";
			"path" = "BonsaiMail-iOSUITests.xctest";
			"sourceTree" = "BUILT_PRODUCTS_DIR";
		};
		"95847593896FAB080814D07C" = {
			"buildSettings" = {
				"ARCHS" = "arm64";
				"BUNDLE_LOADER" = "$(TEST_HOST)";
				"CLANG_ENABLE_MODULES" = "YES";
				"CODE_SIGN_STYLE" = "Automatic";
				"DEBUG_INFORMATION_FORMAT" = "dwarf";
				"DEVELOPMENT_TEAM" = "";
				"ENABLE_TESTABILITY" = "YES";
				"ENABLE_USER_SCRIPT_SANDBOXING" = "NO";
				"GCC_OPTIMIZATION_LEVEL" = "0";
				"GENERATE_INFOPLIST_FILE" = "YES";
				"IPHONEOS_DEPLOYMENT_TARGET" = "18.0";
				"LD_RUNPATH_SEARCH_PATHS" = (
					"$(inherited)",
					"@executable_path/../Frameworks",
					"@executable_path/Frameworks",
					"@loader_path/Frameworks",
				);
				"MACOSX_DEPLOYMENT_TARGET" = "26.0";
				"ONLY_ACTIVE_ARCH" = "NO";
				"OTHER_LDFLAGS" = (
					"$(inherited)",
					"\"$(PROJECT_DIR)/Native/iphoneos/$(CONFIGURATION)/runtime.complete.o\"",
					"-framework",
					"CoreFoundation",
					"-framework",
					"Security",
					"-lpthread",
					"@\"$(DERIVED_FILE_DIR)/runtime-system-libraries.rsp\"",
					"-Wl,-no_compact_unwind",
				);
				"PRODUCT_BUNDLE_IDENTIFIER" = "org.bonsai-swiftui.example.mail.tests";
				"PRODUCT_NAME" = "BonsaiMail-iOSTests";
				"SDKROOT" = "iphoneos";
				"SUPPORTED_PLATFORMS" = "iphoneos";
				"SUPPORTS_MACCATALYST" = "NO";
				"SUPPORTS_MAC_DESIGNED_FOR_IPHONE_IPAD" = "NO";
				"SWIFT_INCLUDE_PATHS" = (
					"$(inherited)",
					"\"$(PROJECT_DIR)/../../../native/src\"",
				);
				"SWIFT_OPTIMIZATION_LEVEL" = "-Onone";
				"SWIFT_VERSION" = "6.0";
				"TARGETED_DEVICE_FAMILY" = "1,2";
				"TEST_HOST" = "$(BUILT_PRODUCTS_DIR)/BonsaiMailTestHost.app/BonsaiMailTestHost";
			};
			"isa" = "XCBuildConfiguration";
			"name" = "Debug";
		};
		"965BD7391B509CD75916BBCF" = {
			"buildActionMask" = "2147483647";
			"files" = (
			);
			"isa" = "PBXResourcesBuildPhase";
			"runOnlyForDeploymentPostprocessing" = "0";
		};
		"9AA1F85E1E42A39BB6CD7900" = {
			"alwaysOutOfDate" = "1";
			"buildActionMask" = "2147483647";
			"files" = (
			);
			"inputPaths" = (
				"$(PROJECT_DIR)/Native/macosx/$(CONFIGURATION)/runtime.complete.o",
			);
			"isa" = "PBXShellScriptBuildPhase";
			"name" = "Verify native complete object";
			"outputPaths" = (
				"$(DERIVED_FILE_DIR)/runtime-system-libraries.rsp",
			);
			"runOnlyForDeploymentPostprocessing" = "0";
			"shellPath" = "/bin/sh";
			"shellScript" = "set -eu\n/bin/sh \"$PROJECT_DIR\"/../../../tool/ios/verify_complete_object.sh \"$PROJECT_DIR/Native/macosx/$CONFIGURATION/runtime.complete.o\" MACOS 26.0 arm64\nsymbols=$(xcrun nm -uj \"$PROJECT_DIR/Native/macosx/$CONFIGURATION/runtime.complete.o\")\nmkdir -p \"$DERIVED_FILE_DIR\"\n: > \"$DERIVED_FILE_DIR/runtime-system-libraries.rsp\"\nif printf \"%s\\n\" \"$symbols\" | LC_ALL=C grep -Eq \"^_sqlite3_[A-Za-z0-9_]+$\"; then\n  printf \"%s\\n\" \"-lsqlite3\" > \"$DERIVED_FILE_DIR/runtime-system-libraries.rsp\"\nfi\n";
		};
		"9C14ADD912F5CCBC3F815283" = {
			"buildSettings" = {
				"ARCHS" = "arm64";
				"CLANG_ENABLE_MODULES" = "YES";
				"CODE_SIGN_ENTITLEMENTS" = "iOS.entitlements";
				"CODE_SIGN_STYLE" = "Automatic";
				"DEBUG_INFORMATION_FORMAT" = "dwarf-with-dsym";
				"DEVELOPMENT_TEAM" = "";
				"ENABLE_TESTABILITY" = "NO";
				"ENABLE_USER_SCRIPT_SANDBOXING" = "NO";
				"GCC_OPTIMIZATION_LEVEL" = "s";
				"GENERATE_INFOPLIST_FILE" = "NO";
				"INFOPLIST_FILE" = "Info-iOS.plist";
				"IPHONEOS_DEPLOYMENT_TARGET" = "18.0";
				"LD_RUNPATH_SEARCH_PATHS" = (
					"$(inherited)",
					"@executable_path/../Frameworks",
					"@executable_path/Frameworks",
					"@loader_path/Frameworks",
				);
				"MACOSX_DEPLOYMENT_TARGET" = "26.0";
				"ONLY_ACTIVE_ARCH" = "NO";
				"OTHER_LDFLAGS" = (
					"$(inherited)",
					"\"$(PROJECT_DIR)/Native/iphoneos/$(CONFIGURATION)/runtime.complete.o\"",
					"-framework",
					"CoreFoundation",
					"-framework",
					"Security",
					"-lpthread",
					"@\"$(DERIVED_FILE_DIR)/runtime-system-libraries.rsp\"",
					"-Wl,-no_compact_unwind",
				);
				"PRODUCT_BUNDLE_IDENTIFIER" = "org.bonsai-swiftui.example.mail";
				"PRODUCT_NAME" = "BonsaiMail";
				"SDKROOT" = "iphoneos";
				"SUPPORTED_PLATFORMS" = "iphoneos";
				"SUPPORTS_MACCATALYST" = "NO";
				"SUPPORTS_MAC_DESIGNED_FOR_IPHONE_IPAD" = "NO";
				"SWIFT_INCLUDE_PATHS" = (
					"$(inherited)",
					"\"$(PROJECT_DIR)/../../../native/src\"",
				);
				"SWIFT_OPTIMIZATION_LEVEL" = "-O";
				"SWIFT_VERSION" = "6.0";
				"TARGETED_DEVICE_FAMILY" = "1,2";
			};
			"isa" = "XCBuildConfiguration";
			"name" = "Profile";
		};
		"9C2F9B0C0BF87670FBEBF022" = {
			"buildActionMask" = "2147483647";
			"files" = (
			);
			"isa" = "PBXResourcesBuildPhase";
			"runOnlyForDeploymentPostprocessing" = "0";
		};
		"9E5C9A17C43753CBDBEAD47F" = {
			"buildSettings" = {
				"ARCHS" = "arm64";
				"DEBUG_INFORMATION_FORMAT" = "dwarf-with-dsym";
				"ENABLE_TESTABILITY" = "NO";
				"GCC_OPTIMIZATION_LEVEL" = "s";
				"SWIFT_OPTIMIZATION_LEVEL" = "-O";
			};
			"isa" = "XCBuildConfiguration";
			"name" = "Profile";
		};
		"9FB5E1DDF60E2EA231494CA3" = {
			"buildConfigurations" = (
				"4E225CD460722BCCB3E93C24",
				"9C14ADD912F5CCBC3F815283",
				"8EEE1315103760E558335580",
			);
			"defaultConfigurationIsVisible" = "0";
			"defaultConfigurationName" = "Debug";
			"isa" = "XCConfigurationList";
		};
		"A17287F997ABD654B7DB0FB7" = {
			"buildActionMask" = "2147483647";
			"files" = (
				"64AD51160A8AF11FD35EEB0E",
			);
			"isa" = "PBXFrameworksBuildPhase";
			"runOnlyForDeploymentPostprocessing" = "0";
		};
		"A48FAD3B098E6C887BBD4609" = {
			"fileRef" = "2CB661822DFFA82A32B1109E";
			"isa" = "PBXBuildFile";
		};
		"A4B02E113F7F2F0DB4FBA08B" = {
			"buildConfigurationList" = "8CECC854E7DDE7399D29D779";
			"buildPhases" = (
				"9AA1F85E1E42A39BB6CD7900",
				"36902E7ADDE75406364A2AEE",
				"5D7DA5FD0E3F7C1CFB395915",
				"92ADF2723BD0E87C07733729",
			);
			"buildRules" = (
			);
			"dependencies" = (
			);
			"isa" = "PBXNativeTarget";
			"name" = "BonsaiMail-macOSTests";
			"packageProductDependencies" = (
				"344CC77E29537AA270963CAA",
			);
			"productName" = "BonsaiMail-macOSTests";
			"productReference" = "E7F99ED55B37CEE3BB7EDE83";
			"productType" = "com.apple.product-type.bundle.unit-test";
		};
		"A5F6E46CBF626B6CC82990F3" = {
			"buildSettings" = {
				"ARCHS" = "arm64";
				"CLANG_ENABLE_MODULES" = "YES";
				"CODE_SIGN_ENTITLEMENTS" = "macOS.entitlements";
				"CODE_SIGN_IDENTITY" = "-";
				"CODE_SIGN_STYLE" = "Automatic";
				"DEBUG_INFORMATION_FORMAT" = "dwarf-with-dsym";
				"DEVELOPMENT_TEAM" = "";
				"ENABLE_TESTABILITY" = "NO";
				"ENABLE_USER_SCRIPT_SANDBOXING" = "NO";
				"GCC_OPTIMIZATION_LEVEL" = "s";
				"GENERATE_INFOPLIST_FILE" = "NO";
				"INFOPLIST_FILE" = "Info-macOS.plist";
				"IPHONEOS_DEPLOYMENT_TARGET" = "18.0";
				"LD_RUNPATH_SEARCH_PATHS" = (
					"$(inherited)",
					"@executable_path/../Frameworks",
					"@executable_path/Frameworks",
					"@loader_path/Frameworks",
				);
				"MACOSX_DEPLOYMENT_TARGET" = "26.0";
				"ONLY_ACTIVE_ARCH" = "NO";
				"OTHER_LDFLAGS" = (
					"$(inherited)",
					"\"$(PROJECT_DIR)/Native/macosx/$(CONFIGURATION)/runtime.complete.o\"",
					"-framework",
					"CoreFoundation",
					"-framework",
					"Security",
					"-lpthread",
					"@\"$(DERIVED_FILE_DIR)/runtime-system-libraries.rsp\"",
					"-Wl,-no_compact_unwind",
				);
				"PRODUCT_BUNDLE_IDENTIFIER" = "org.bonsai-swiftui.example.mail";
				"PRODUCT_NAME" = "BonsaiMail";
				"SDKROOT" = "macosx";
				"SUPPORTED_PLATFORMS" = "macosx";
				"SUPPORTS_MACCATALYST" = "NO";
				"SUPPORTS_MAC_DESIGNED_FOR_IPHONE_IPAD" = "NO";
				"SWIFT_INCLUDE_PATHS" = (
					"$(inherited)",
					"\"$(PROJECT_DIR)/../../../native/src\"",
				);
				"SWIFT_OPTIMIZATION_LEVEL" = "-O";
				"SWIFT_VERSION" = "6.0";
			};
			"isa" = "XCBuildConfiguration";
			"name" = "Release";
		};
		"A9A32C62A431EEACFCC95818" = {
			"buildSettings" = {
				"ARCHS" = "arm64";
				"CLANG_ENABLE_MODULES" = "YES";
				"CODE_SIGN_IDENTITY" = "-";
				"CODE_SIGN_STYLE" = "Automatic";
				"DEBUG_INFORMATION_FORMAT" = "dwarf";
				"DEVELOPMENT_TEAM" = "";
				"ENABLE_TESTABILITY" = "YES";
				"ENABLE_USER_SCRIPT_SANDBOXING" = "NO";
				"GCC_OPTIMIZATION_LEVEL" = "0";
				"GENERATE_INFOPLIST_FILE" = "YES";
				"IPHONEOS_DEPLOYMENT_TARGET" = "18.0";
				"LD_RUNPATH_SEARCH_PATHS" = (
					"$(inherited)",
					"@executable_path/../Frameworks",
					"@executable_path/Frameworks",
					"@loader_path/Frameworks",
				);
				"MACOSX_DEPLOYMENT_TARGET" = "26.0";
				"ONLY_ACTIVE_ARCH" = "NO";
				"OTHER_LDFLAGS" = (
					"$(inherited)",
					"\"$(PROJECT_DIR)/Native/macosx/$(CONFIGURATION)/runtime.complete.o\"",
					"-framework",
					"CoreFoundation",
					"-framework",
					"Security",
					"-lpthread",
					"@\"$(DERIVED_FILE_DIR)/runtime-system-libraries.rsp\"",
					"-Wl,-no_compact_unwind",
				);
				"PRODUCT_BUNDLE_IDENTIFIER" = "org.bonsai-swiftui.example.mail.tests";
				"PRODUCT_NAME" = "BonsaiMail-macOSTests";
				"SDKROOT" = "macosx";
				"SUPPORTED_PLATFORMS" = "macosx";
				"SUPPORTS_MACCATALYST" = "NO";
				"SUPPORTS_MAC_DESIGNED_FOR_IPHONE_IPAD" = "NO";
				"SWIFT_INCLUDE_PATHS" = (
					"$(inherited)",
					"\"$(PROJECT_DIR)/../../../native/src\"",
				);
				"SWIFT_OPTIMIZATION_LEVEL" = "-Onone";
				"SWIFT_VERSION" = "6.0";
				"TEST_HOST" = "";
			};
			"isa" = "XCBuildConfiguration";
			"name" = "Debug";
		};
		"AA1E8EB1363C9020879F4864" = {
			"isa" = "PBXBuildFile";
			"productRef" = "344CC77E29537AA270963CAA";
		};
		"AD87A53E8C2DF2E666923A01" = {
			"isa" = "PBXFileReference";
			"lastKnownFileType" = "sourcecode.swift";
			"path" = "../apple-ui-tests/ios/MailUITests.swift";
			"sourceTree" = "<group>";
		};
		"AF198B46BD8BD3B8817567D1" = {
			"isa" = "PBXBuildFile";
			"productRef" = "7D10A5AFBAC3AA97253D4F66";
		};
		"B48E2E2E575CA6B06A879118" = {
			"buildSettings" = {
				"ARCHS" = "arm64";
				"CLANG_ENABLE_MODULES" = "YES";
				"CODE_SIGN_ENTITLEMENTS" = "iOS.entitlements";
				"CODE_SIGN_STYLE" = "Automatic";
				"DEBUG_INFORMATION_FORMAT" = "dwarf-with-dsym";
				"DEVELOPMENT_TEAM" = "";
				"ENABLE_TESTABILITY" = "NO";
				"ENABLE_USER_SCRIPT_SANDBOXING" = "NO";
				"GCC_OPTIMIZATION_LEVEL" = "s";
				"GENERATE_INFOPLIST_FILE" = "NO";
				"INFOPLIST_FILE" = "Info-iOS.plist";
				"IPHONEOS_DEPLOYMENT_TARGET" = "18.0";
				"LD_RUNPATH_SEARCH_PATHS" = (
					"$(inherited)",
					"@executable_path/../Frameworks",
					"@executable_path/Frameworks",
					"@loader_path/Frameworks",
				);
				"MACOSX_DEPLOYMENT_TARGET" = "26.0";
				"ONLY_ACTIVE_ARCH" = "NO";
				"PRODUCT_BUNDLE_IDENTIFIER" = "org.bonsai-swiftui.example.mail.test-host";
				"PRODUCT_NAME" = "BonsaiMailTestHost";
				"SDKROOT" = "iphoneos";
				"SUPPORTED_PLATFORMS" = "iphoneos";
				"SUPPORTS_MACCATALYST" = "NO";
				"SUPPORTS_MAC_DESIGNED_FOR_IPHONE_IPAD" = "NO";
				"SWIFT_OPTIMIZATION_LEVEL" = "-O";
				"SWIFT_VERSION" = "6.0";
				"TARGETED_DEVICE_FAMILY" = "1,2";
			};
			"isa" = "XCBuildConfiguration";
			"name" = "Profile";
		};
		"BC4A71180870F7945155FBB0" = {
			"isa" = "XCLocalSwiftPackageReference";
			"relativePath" = "../../..";
		};
		"C0CA6F1F5CE8ED803F5A48B6" = {
			"isa" = "PBXTargetDependency";
			"target" = "37748E06E02BC32C4AF50B5B";
		};
		"C24D56B1FFD13FA7E70BD81B" = {
			"fileRef" = "2CB661822DFFA82A32B1109E";
			"isa" = "PBXBuildFile";
		};
		"C3C79EF726460D287A2FC7B1" = {
			"isa" = "PBXBuildFile";
			"productRef" = "E2DC87137C5D34E99C925C1F";
		};
		"C7BDF227D00900A6208338FC" = {
			"buildSettings" = {
				"ARCHS" = "arm64";
				"CLANG_ENABLE_MODULES" = "YES";
				"CODE_SIGN_IDENTITY" = "-";
				"CODE_SIGN_STYLE" = "Automatic";
				"DEBUG_INFORMATION_FORMAT" = "dwarf-with-dsym";
				"DEVELOPMENT_TEAM" = "";
				"ENABLE_TESTABILITY" = "NO";
				"ENABLE_USER_SCRIPT_SANDBOXING" = "NO";
				"GCC_OPTIMIZATION_LEVEL" = "s";
				"GENERATE_INFOPLIST_FILE" = "YES";
				"IPHONEOS_DEPLOYMENT_TARGET" = "18.0";
				"LD_RUNPATH_SEARCH_PATHS" = (
					"$(inherited)",
					"@executable_path/../Frameworks",
					"@executable_path/Frameworks",
					"@loader_path/Frameworks",
				);
				"MACOSX_DEPLOYMENT_TARGET" = "26.0";
				"ONLY_ACTIVE_ARCH" = "NO";
				"OTHER_LDFLAGS" = (
					"$(inherited)",
					"\"$(PROJECT_DIR)/Native/macosx/$(CONFIGURATION)/runtime.complete.o\"",
					"-framework",
					"CoreFoundation",
					"-framework",
					"Security",
					"-lpthread",
					"@\"$(DERIVED_FILE_DIR)/runtime-system-libraries.rsp\"",
					"-Wl,-no_compact_unwind",
				);
				"PRODUCT_BUNDLE_IDENTIFIER" = "org.bonsai-swiftui.example.mail.tests";
				"PRODUCT_NAME" = "BonsaiMail-macOSTests";
				"SDKROOT" = "macosx";
				"SUPPORTED_PLATFORMS" = "macosx";
				"SUPPORTS_MACCATALYST" = "NO";
				"SUPPORTS_MAC_DESIGNED_FOR_IPHONE_IPAD" = "NO";
				"SWIFT_INCLUDE_PATHS" = (
					"$(inherited)",
					"\"$(PROJECT_DIR)/../../../native/src\"",
				);
				"SWIFT_OPTIMIZATION_LEVEL" = "-O";
				"SWIFT_VERSION" = "6.0";
				"TEST_HOST" = "";
			};
			"isa" = "XCBuildConfiguration";
			"name" = "Profile";
		};
		"C9AF11097F1C653D7181A3AB" = {
			"buildConfigurationList" = "78E7133761ED39AEF7CD42FF";
			"buildPhases" = (
				"48FF99D0E8A182E467B3DC5C",
				"6F298A4F4D568386D1886E05",
				"7527C3FF1D2C74E4ABBF6D90",
			);
			"buildRules" = (
			);
			"dependencies" = (
			);
			"isa" = "PBXNativeTarget";
			"name" = "BonsaiMailTestHost";
			"packageProductDependencies" = (
			);
			"productName" = "BonsaiMailTestHost";
			"productReference" = "234BA4BDA4DA6A5991DA523A";
			"productType" = "com.apple.product-type.application";
		};
		"CB4A211147BA05CF6FCE8AB7" = {
			"buildSettings" = {
				"ARCHS" = "arm64";
				"CLANG_ENABLE_MODULES" = "YES";
				"CODE_SIGN_ENTITLEMENTS" = "macOS.entitlements";
				"CODE_SIGN_IDENTITY" = "-";
				"CODE_SIGN_STYLE" = "Automatic";
				"DEBUG_INFORMATION_FORMAT" = "dwarf";
				"DEVELOPMENT_TEAM" = "";
				"ENABLE_TESTABILITY" = "YES";
				"ENABLE_USER_SCRIPT_SANDBOXING" = "NO";
				"GCC_OPTIMIZATION_LEVEL" = "0";
				"GENERATE_INFOPLIST_FILE" = "NO";
				"INFOPLIST_FILE" = "Info-macOS.plist";
				"IPHONEOS_DEPLOYMENT_TARGET" = "18.0";
				"LD_RUNPATH_SEARCH_PATHS" = (
					"$(inherited)",
					"@executable_path/../Frameworks",
					"@executable_path/Frameworks",
					"@loader_path/Frameworks",
				);
				"MACOSX_DEPLOYMENT_TARGET" = "26.0";
				"ONLY_ACTIVE_ARCH" = "NO";
				"OTHER_LDFLAGS" = (
					"$(inherited)",
					"\"$(PROJECT_DIR)/Native/macosx/$(CONFIGURATION)/runtime.complete.o\"",
					"-framework",
					"CoreFoundation",
					"-framework",
					"Security",
					"-lpthread",
					"@\"$(DERIVED_FILE_DIR)/runtime-system-libraries.rsp\"",
					"-Wl,-no_compact_unwind",
				);
				"PRODUCT_BUNDLE_IDENTIFIER" = "org.bonsai-swiftui.example.mail";
				"PRODUCT_NAME" = "BonsaiMail";
				"SDKROOT" = "macosx";
				"SUPPORTED_PLATFORMS" = "macosx";
				"SUPPORTS_MACCATALYST" = "NO";
				"SUPPORTS_MAC_DESIGNED_FOR_IPHONE_IPAD" = "NO";
				"SWIFT_INCLUDE_PATHS" = (
					"$(inherited)",
					"\"$(PROJECT_DIR)/../../../native/src\"",
				);
				"SWIFT_OPTIMIZATION_LEVEL" = "-Onone";
				"SWIFT_VERSION" = "6.0";
			};
			"isa" = "XCBuildConfiguration";
			"name" = "Debug";
		};
		"CB8CE607FF427D73BD2708DE" = {
			"fileRef" = "E3E89ED6FD10330B90F6A4A4";
			"isa" = "PBXBuildFile";
		};
		"CEBD538DA02D12E0B85CFC82" = {
			"buildActionMask" = "2147483647";
			"files" = (
				"C24D56B1FFD13FA7E70BD81B",
			);
			"isa" = "PBXSourcesBuildPhase";
			"runOnlyForDeploymentPostprocessing" = "0";
		};
		"D23E80A30302FD3D57B0D3A6" = {
			"buildActionMask" = "2147483647";
			"files" = (
				"AF198B46BD8BD3B8817567D1",
			);
			"isa" = "PBXFrameworksBuildPhase";
			"runOnlyForDeploymentPostprocessing" = "0";
		};
		"D2EFE41CBFE61CD66F55AC82" = {
			"buildSettings" = {
				"ARCHS" = "arm64";
				"CLANG_ENABLE_MODULES" = "YES";
				"CODE_SIGN_IDENTITY" = "-";
				"CODE_SIGN_STYLE" = "Automatic";
				"DEBUG_INFORMATION_FORMAT" = "dwarf-with-dsym";
				"DEVELOPMENT_TEAM" = "";
				"ENABLE_TESTABILITY" = "NO";
				"ENABLE_USER_SCRIPT_SANDBOXING" = "NO";
				"GCC_OPTIMIZATION_LEVEL" = "s";
				"GENERATE_INFOPLIST_FILE" = "YES";
				"IPHONEOS_DEPLOYMENT_TARGET" = "18.0";
				"LD_RUNPATH_SEARCH_PATHS" = (
					"$(inherited)",
					"@executable_path/../Frameworks",
					"@executable_path/Frameworks",
					"@loader_path/Frameworks",
				);
				"MACOSX_DEPLOYMENT_TARGET" = "26.0";
				"ONLY_ACTIVE_ARCH" = "NO";
				"OTHER_LDFLAGS" = (
					"$(inherited)",
					"\"$(PROJECT_DIR)/Native/macosx/$(CONFIGURATION)/runtime.complete.o\"",
					"-framework",
					"CoreFoundation",
					"-framework",
					"Security",
					"-lpthread",
					"@\"$(DERIVED_FILE_DIR)/runtime-system-libraries.rsp\"",
					"-Wl,-no_compact_unwind",
				);
				"PRODUCT_BUNDLE_IDENTIFIER" = "org.bonsai-swiftui.example.mail.tests";
				"PRODUCT_NAME" = "BonsaiMail-macOSTests";
				"SDKROOT" = "macosx";
				"SUPPORTED_PLATFORMS" = "macosx";
				"SUPPORTS_MACCATALYST" = "NO";
				"SUPPORTS_MAC_DESIGNED_FOR_IPHONE_IPAD" = "NO";
				"SWIFT_INCLUDE_PATHS" = (
					"$(inherited)",
					"\"$(PROJECT_DIR)/../../../native/src\"",
				);
				"SWIFT_OPTIMIZATION_LEVEL" = "-O";
				"SWIFT_VERSION" = "6.0";
				"TEST_HOST" = "";
			};
			"isa" = "XCBuildConfiguration";
			"name" = "Release";
		};
		"E054D295EE5B303267726C3E" = {
			"buildActionMask" = "2147483647";
			"files" = (
				"A48FAD3B098E6C887BBD4609",
			);
			"isa" = "PBXSourcesBuildPhase";
			"runOnlyForDeploymentPostprocessing" = "0";
		};
		"E2DC87137C5D34E99C925C1F" = {
			"isa" = "XCSwiftPackageProductDependency";
			"productName" = "BonsaiSwiftUI";
		};
		"E3E89ED6FD10330B90F6A4A4" = {
			"isa" = "PBXFileReference";
			"lastKnownFileType" = "sourcecode.swift";
			"path" = "TestHost.swift";
			"sourceTree" = "<group>";
		};
		"E7F99ED55B37CEE3BB7EDE83" = {
			"explicitFileType" = "wrapper.cfbundle";
			"includeInIndex" = "0";
			"isa" = "PBXFileReference";
			"path" = "BonsaiMail-macOSTests.xctest";
			"sourceTree" = "BUILT_PRODUCTS_DIR";
		};
		"F26A51B466EE1387964564CE" = {
			"explicitFileType" = "wrapper.application";
			"includeInIndex" = "0";
			"isa" = "PBXFileReference";
			"path" = "BonsaiMail.app";
			"sourceTree" = "BUILT_PRODUCTS_DIR";
		};
		"FA36EF32742BE7BAA2D79E45" = {
			"buildActionMask" = "2147483647";
			"files" = (
				"73CF39D44C08910366BC63E4",
			);
			"isa" = "PBXSourcesBuildPhase";
			"runOnlyForDeploymentPostprocessing" = "0";
		};
		"FAD2B8C5C815DE60616568E9" = {
			"buildActionMask" = "2147483647";
			"files" = (
			);
			"isa" = "PBXFrameworksBuildPhase";
			"runOnlyForDeploymentPostprocessing" = "0";
		};
		"FC874645C9DABCF6D1656FB0" = {
			"alwaysOutOfDate" = "1";
			"buildActionMask" = "2147483647";
			"files" = (
			);
			"inputPaths" = (
				"$(PROJECT_DIR)/Native/macosx/$(CONFIGURATION)/runtime.complete.o",
			);
			"isa" = "PBXShellScriptBuildPhase";
			"name" = "Verify native complete object";
			"outputPaths" = (
				"$(DERIVED_FILE_DIR)/runtime-system-libraries.rsp",
			);
			"runOnlyForDeploymentPostprocessing" = "0";
			"shellPath" = "/bin/sh";
			"shellScript" = "set -eu\n/bin/sh \"$PROJECT_DIR\"/../../../tool/ios/verify_complete_object.sh \"$PROJECT_DIR/Native/macosx/$CONFIGURATION/runtime.complete.o\" MACOS 26.0 arm64\nsymbols=$(xcrun nm -uj \"$PROJECT_DIR/Native/macosx/$CONFIGURATION/runtime.complete.o\")\nmkdir -p \"$DERIVED_FILE_DIR\"\n: > \"$DERIVED_FILE_DIR/runtime-system-libraries.rsp\"\nif printf \"%s\\n\" \"$symbols\" | LC_ALL=C grep -Eq \"^_sqlite3_[A-Za-z0-9_]+$\"; then\n  printf \"%s\\n\" \"-lsqlite3\" > \"$DERIVED_FILE_DIR/runtime-system-libraries.rsp\"\nfi\n";
		};
		"FCFDE68A6EB171067DE643B7" = {
			"explicitFileType" = "wrapper.cfbundle";
			"includeInIndex" = "0";
			"isa" = "PBXFileReference";
			"path" = "BonsaiMail-iOSTests.xctest";
			"sourceTree" = "BUILT_PRODUCTS_DIR";
		};
		"FD008BF0A2F56B5192FEE942" = {
			"explicitFileType" = "wrapper.application";
			"includeInIndex" = "0";
			"isa" = "PBXFileReference";
			"path" = "BonsaiMail.app";
			"sourceTree" = "BUILT_PRODUCTS_DIR";
		};
		"FD4510CE67002F12A3AFB884" = {
			"buildSettings" = {
				"ARCHS" = "arm64";
				"CLANG_ENABLE_MODULES" = "YES";
				"CODE_SIGN_STYLE" = "Automatic";
				"DEBUG_INFORMATION_FORMAT" = "dwarf";
				"DEVELOPMENT_TEAM" = "";
				"ENABLE_TESTABILITY" = "YES";
				"ENABLE_USER_SCRIPT_SANDBOXING" = "NO";
				"GCC_OPTIMIZATION_LEVEL" = "0";
				"GENERATE_INFOPLIST_FILE" = "YES";
				"IPHONEOS_DEPLOYMENT_TARGET" = "18.0";
				"LD_RUNPATH_SEARCH_PATHS" = (
					"$(inherited)",
					"@executable_path/../Frameworks",
					"@executable_path/Frameworks",
					"@loader_path/Frameworks",
				);
				"MACOSX_DEPLOYMENT_TARGET" = "26.0";
				"ONLY_ACTIVE_ARCH" = "NO";
				"PRODUCT_BUNDLE_IDENTIFIER" = "org.bonsai-swiftui.example.mail.ui-tests";
				"PRODUCT_NAME" = "BonsaiMail-iOSUITests";
				"SDKROOT" = "iphoneos";
				"SUPPORTED_PLATFORMS" = "iphoneos";
				"SUPPORTS_MACCATALYST" = "NO";
				"SUPPORTS_MAC_DESIGNED_FOR_IPHONE_IPAD" = "NO";
				"SWIFT_OPTIMIZATION_LEVEL" = "-Onone";
				"SWIFT_VERSION" = "6.0";
				"TARGETED_DEVICE_FAMILY" = "1,2";
				"TEST_TARGET_NAME" = "BonsaiMail-iOS";
			};
			"isa" = "XCBuildConfiguration";
			"name" = "Debug";
		};
	};
	"rootObject" = "244210E48437B6556980A702";
}
